{
  "version": 4,
  "terraform_version": "1.15.6",
  "serial": 52,
  "lineage": "2f1239f1-c7e5-ebef-99f7-fd83a18da169",
  "outputs": {
    "backend_url": {
      "value": "http://44.209.62.175:5000",
      "type": "string"
    },
    "elastic_ip": {
      "value": "44.209.62.175",
      "type": "string"
    },
    "frontend_url": {
      "value": "http://44.209.62.175",
      "type": "string"
    },
    "instance_id": {
      "value": "i-00ad3340654d2c363",
      "type": "string"
    },
    "instance_private_ip": {
      "value": "10.0.1.185",
      "type": "string"
    },
    "key_pair_name": {
      "value": "portfolio-keypair",
      "type": "string"
    },
    "private_key_path": {
      "value": "./portfolio-keypair.pem",
      "type": "string",
      "sensitive": true
    },
    "public_subnet_id": {
      "value": "subnet-068acf5ca97871e77",
      "type": "string"
    },
    "security_group_id": {
      "value": "sg-0e5cb4b91645f0910",
      "type": "string"
    },
    "ssh_command": {
      "value": "ssh -i portfolio-keypair.pem ubuntu@44.209.62.175",
      "type": "string"
    },
    "vpc_id": {
      "value": "vpc-07595318f297c633f",
      "type": "string"
    }
  },
  "resources": [
    {
      "mode": "data",
      "type": "aws_caller_identity",
      "name": "current",
      "provider": "provider[\"registry.terraform.io/hashicorp/aws\"]",
      "instances": [
        {
          "schema_version": 0,
          "attributes": {
            "account_id": "158711196866",
            "arn": "arn:aws:iam::158711196866:user/anoor9s6",
            "id": "158711196866",
            "user_id": "AIDASJ47MVTBNZHTN2PKT"
          },
          "sensitive_attributes": [],
          "identity_schema_version": 0
        }
      ]
    },
    {
      "mode": "managed",
      "type": "aws_dynamodb_table",
      "name": "terraform_locks",
      "provider": "provider[\"registry.terraform.io/hashicorp/aws\"]",
      "instances": [
        {
          "schema_version": 1,
          "attributes": {
            "arn": "arn:aws:dynamodb:us-east-1:158711196866:table/anoors-portfolio-terraform-locks",
            "attribute": [
              {
                "name": "LockID",
                "type": "S"
              }
            ],
            "billing_mode": "PAY_PER_REQUEST",
            "deletion_protection_enabled": false,
            "global_secondary_index": [],
            "hash_key": "LockID",
            "id": "anoors-portfolio-terraform-locks",
            "import_table": [],
            "local_secondary_index": [],
            "name": "anoors-portfolio-terraform-locks",
            "on_demand_throughput": [],
            "point_in_time_recovery": [
              {
                "enabled": false,
                "recovery_period_in_days": 0
              }
            ],
            "range_key": null,
            "read_capacity": 0,
            "replica": [],
            "restore_date_time": null,
            "restore_source_name": null,
            "restore_source_table_arn": null,
            "restore_to_latest_time": null,
            "server_side_encryption": [],
            "stream_arn": "",
            "stream_enabled": false,
            "stream_label": "",
            "stream_view_type": "",
            "table_class": "STANDARD",
            "tags": {
              "Name": "anoors-portfolio-terraform-locks",
              "Purpose": "Terraform state locking"
            },
            "tags_all": {
              "Environment": "dev",
              "ManagedBy": "Terraform",
              "Name": "anoors-portfolio-terraform-locks",
              "Project": "anoors-portfolio",
              "Purpose": "Terraform state locking",
              "Scenario": "free-tier"
            },
            "timeouts": null,
            "ttl": [
              {
                "attribute_name": "",
                "enabled": false
              }
            ],
            "write_capacity": 0
          },
          "sensitive_attributes": [],
          "identity_schema_version": 0,
          "private": "eyJlMmJmYjczMC1lY2FhLTExZTYtOGY4OC0zNDM2M2JjN2M0YzAiOnsiY3JlYXRlIjoxODAwMDAwMDAwMDAwLCJkZWxldGUiOjYwMDAwMDAwMDAwMCwidXBkYXRlIjozNjAwMDAwMDAwMDAwfSwic2NoZW1hX3ZlcnNpb24iOiIxIn0="
        }
      ]
    },
    {
      "mode": "managed",
      "type": "aws_eip",
      "name": "app",
      "provider": "provider[\"registry.terraform.io/hashicorp/aws\"]",
      "instances": [
        {
          "schema_version": 0,
          "attributes": {
            "address": null,
            "allocation_id": "eipalloc-069505a882dc76457",
            "arn": "arn:aws:ec2:us-east-1:158711196866:elastic-ip/eipalloc-069505a882dc76457",
            "associate_with_private_ip": null,
            "association_id": "eipassoc-06ed1ba7f6b6015f0",
            "carrier_ip": "",
            "customer_owned_ip": "",
            "customer_owned_ipv4_pool": "",
            "domain": "vpc",
            "id": "eipalloc-069505a882dc76457",
            "instance": "i-00ad3340654d2c363",
            "ipam_pool_id": null,
            "network_border_group": "us-east-1",
            "network_interface": "eni-08ceb95375f779dcd",
            "private_dns": "ip-10-0-1-185.ec2.internal",
            "private_ip": "10.0.1.185",
            "ptr_record": "",
            "public_dns": "ec2-44-209-62-175.compute-1.amazonaws.com",
            "public_ip": "44.209.62.175",
            "public_ipv4_pool": "amazon",
            "tags": {
              "Name": "anoors-portfolio-eip"
            },
            "tags_all": {
              "Environment": "dev",
              "ManagedBy": "Terraform",
              "Name": "anoors-portfolio-eip",
              "Project": "anoors-portfolio",
              "Scenario": "free-tier"
            },
            "timeouts": null,
            "vpc": true
          },
          "sensitive_attributes": [],
          "identity_schema_version": 0,
          "private": "eyJlMmJmYjczMC1lY2FhLTExZTYtOGY4OC0zNDM2M2JjN2M0YzAiOnsiZGVsZXRlIjoxODAwMDAwMDAwMDAsInJlYWQiOjkwMDAwMDAwMDAwMCwidXBkYXRlIjozMDAwMDAwMDAwMDB9fQ==",
          "dependencies": [
            "aws_instance.app",
            "aws_internet_gateway.main",
            "aws_key_pair.portfolio",
            "aws_security_group.app",
            "aws_subnet.public",
            "aws_vpc.main",
            "tls_private_key.portfolio"
          ]
        }
      ]
    },
    {
      "mode": "managed",
      "type": "aws_instance",
      "name": "app",
      "provider": "provider[\"registry.terraform.io/hashicorp/aws\"]",
      "instances": [
        {
          "schema_version": 1,
          "attributes": {
            "ami": "ami-0c7217cdde317cfec",
            "arn": "arn:aws:ec2:us-east-1:158711196866:instance/i-00ad3340654d2c363",
            "associate_public_ip_address": true,
            "availability_zone": "us-east-1a",
            "capacity_reservation_specification": [
              {
                "capacity_reservation_preference": "open",
                "capacity_reservation_target": []
              }
            ],
            "cpu_core_count": 1,
            "cpu_options": [
              {
                "amd_sev_snp": "",
                "core_count": 1,
                "threads_per_core": 1
              }
            ],
            "cpu_threads_per_core": 1,
            "credit_specification": [
              {
                "cpu_credits": "standard"
              }
            ],
            "disable_api_stop": false,
            "disable_api_termination": false,
            "ebs_block_device": [],
            "ebs_optimized": false,
            "enable_primary_ipv6": null,
            "enclave_options": [
              {
                "enabled": false
              }
            ],
            "ephemeral_block_device": [],
            "get_password_data": false,
            "hibernation": false,
            "host_id": "",
            "host_resource_group_arn": null,
            "iam_instance_profile": "",
            "id": "i-00ad3340654d2c363",
            "instance_initiated_shutdown_behavior": "stop",
            "instance_lifecycle": "",
            "instance_market_options": [],
            "instance_state": "running",
            "instance_type": "t2.micro",
            "ipv6_address_count": 0,
            "ipv6_addresses": [],
            "key_name": "portfolio-keypair",
            "launch_template": [],
            "maintenance_options": [
              {
                "auto_recovery": "default"
              }
            ],
            "metadata_options": [
              {
                "http_endpoint": "enabled",
                "http_protocol_ipv6": "disabled",
                "http_put_response_hop_limit": 1,
                "http_tokens": "optional",
                "instance_metadata_tags": "disabled"
              }
            ],
            "monitoring": false,
            "network_interface": [],
            "outpost_arn": "",
            "password_data": "",
            "placement_group": "",
            "placement_partition_number": 0,
            "primary_network_interface_id": "eni-08ceb95375f779dcd",
            "private_dns": "ip-10-0-1-185.ec2.internal",
            "private_dns_name_options": [
              {
                "enable_resource_name_dns_a_record": false,
                "enable_resource_name_dns_aaaa_record": false,
                "hostname_type": "ip-name"
              }
            ],
            "private_ip": "10.0.1.185",
            "public_dns": "ec2-44-198-160-180.compute-1.amazonaws.com",
            "public_ip": "44.198.160.180",
            "root_block_device": [
              {
                "delete_on_termination": true,
                "device_name": "/dev/sda1",
                "encrypted": true,
                "iops": 100,
                "kms_key_id": "arn:aws:kms:us-east-1:158711196866:key/38f9ecbe-37ae-4f7b-b0b7-0f81aef9f832",
                "tags": null,
                "tags_all": {
                  "Environment": "dev",
                  "ManagedBy": "Terraform",
                  "Project": "anoors-portfolio",
                  "Scenario": "free-tier"
                },
                "throughput": 0,
                "volume_id": "vol-0a9c65e2e654dd1c4",
                "volume_size": 20,
                "volume_type": "gp2"
              }
            ],
            "secondary_private_ips": [],
            "security_groups": [],
            "source_dest_check": true,
            "spot_instance_request_id": "",
            "subnet_id": "subnet-068acf5ca97871e77",
            "tags": {
              "Name": "anoors-portfolio-server"
            },
            "tags_all": {
              "Environment": "dev",
              "ManagedBy": "Terraform",
              "Name": "anoors-portfolio-server",
              "Project": "anoors-portfolio",
              "Scenario": "free-tier"
            },
            "tenancy": "default",
            "timeouts": null,
            "user_data": "8f057951073f143cb071d7d6e2902c0fa33ba02f",
            "user_data_base64": null,
            "user_data_replace_on_change": true,
            "volume_tags": null,
            "vpc_security_group_ids": [
              "sg-0e5cb4b91645f0910"
            ]
          },
          "sensitive_attributes": [
            [
              {
                "type": "get_attr",
                "value": "user_data"
              }
            ]
          ],
          "identity_schema_version": 0,
          "private": "eyJlMmJmYjczMC1lY2FhLTExZTYtOGY4OC0zNDM2M2JjN2M0YzAiOnsiY3JlYXRlIjo2MDAwMDAwMDAwMDAsImRlbGV0ZSI6MTIwMDAwMDAwMDAwMCwicmVhZCI6OTAwMDAwMDAwMDAwLCJ1cGRhdGUiOjYwMDAwMDAwMDAwMH0sInNjaGVtYV92ZXJzaW9uIjoiMSJ9",
          "dependencies": [
            "aws_key_pair.portfolio",
            "aws_security_group.app",
            "aws_subnet.public",
            "aws_vpc.main",
            "tls_private_key.portfolio"
          ]
        }
      ]
    },
    {
      "mode": "managed",
      "type": "aws_internet_gateway",
      "name": "main",
      "provider": "provider[\"registry.terraform.io/hashicorp/aws\"]",
      "instances": [
        {
          "schema_version": 0,
          "attributes": {
            "arn": "arn:aws:ec2:us-east-1:158711196866:internet-gateway/igw-021d9648478dba8a0",
            "id": "igw-021d9648478dba8a0",
            "owner_id": "158711196866",
            "tags": {
              "Name": "anoors-portfolio-igw"
            },
            "tags_all": {
              "Environment": "dev",
              "ManagedBy": "Terraform",
              "Name": "anoors-portfolio-igw",
              "Project": "anoors-portfolio",
              "Scenario": "free-tier"
            },
            "timeouts": null,
            "vpc_id": "vpc-07595318f297c633f"
          },
          "sensitive_attributes": [],
          "identity_schema_version": 0,
          "private": "eyJlMmJmYjczMC1lY2FhLTExZTYtOGY4OC0zNDM2M2JjN2M0YzAiOnsiY3JlYXRlIjoxMjAwMDAwMDAwMDAwLCJkZWxldGUiOjEyMDAwMDAwMDAwMDAsInVwZGF0ZSI6MTIwMDAwMDAwMDAwMH19",
          "dependencies": [
            "aws_vpc.main"
          ]
        }
      ]
    },
    {
      "mode": "managed",
      "type": "aws_key_pair",
      "name": "portfolio",
      "provider": "provider[\"registry.terraform.io/hashicorp/aws\"]",
      "instances": [
        {
          "schema_version": 1,
          "attributes": {
            "arn": "arn:aws:ec2:us-east-1:158711196866:key-pair/portfolio-keypair",
            "fingerprint": "28:f4:25:1d:0e:86:f2:34:a4:62:a3:04:66:83:a9:6d",
            "id": "portfolio-keypair",
            "key_name": "portfolio-keypair",
            "key_name_prefix": "",
            "key_pair_id": "key-0948c4fd0be4e4bc8",
            "key_type": "rsa",
            "public_key": "ssh-rsa AAAAB3NzaC1yc2EAAAADAQABAAACAQCtGnI3D1Dap3TThU8aXjFTijTzp+/8mHhckjIOCjjruPAb/J72bBQEg3cqhh6Y/oZnm0bDgDzBR8lM7dcwlUDMTEfRmOQ2jCRBTrORrVMR83NERet6wsC+AwI7kFuPkozIxs8EXopV1ZkBaYPF/8Rx+e9gDgX2XJUuB9VbgQWBR5o+KLHmGERjtx+6WCXdyBUO+LmW/b6vwoRTmjUFl4Bib/c+0mdAcOE9j8nW8uqWrN5QK57dEUA5GlMAwnNoeAZtPYR6u6j0MZuWKvonOvPgA+KU0KV/bvdeHMt/5yz729oBd+eUp1uAPT3AOKJjufhKk/GgPdPUNS7yC/v3Djq1HeyGpU3vMNvYjAwx8jIYsNVok/EniRN8joGUCd7NmVRudGS8fuqj4aAPk58UXZ/Ad6HnI9MprPVsnFkicHy8NN1WBcTIG2GZUSVaImIsJIqO/MiptJK26AAiUXKvF71ycdwFOVwf9WWg5Szt45RAehKtfhwuGTRm/aZnw9CzersXGJnxt8DqSygCa0T6Fwy2SIk8hScVak3ClH6hkDHcmnd2ZsD+OegIJPFAtj+rrF0yZBSvV+fzBde3e3yT5tJVeNv6WO6JaRzKb9aW7Y/e0dYGObV5NMMTbGVLZ2QLrA4UCZxnxA5oDUx8HLTGAhyShTzJU1ISRgne+X05MGvbKQ==",
            "tags": {
              "Name": "anoors-portfolio-keypair"
            },
            "tags_all": {
              "Environment": "dev",
              "ManagedBy": "Terraform",
              "Name": "anoors-portfolio-keypair",
              "Project": "anoors-portfolio",
              "Scenario": "free-tier"
            }
          },
          "sensitive_attributes": [],
          "identity_schema_version": 0,
          "private": "eyJzY2hlbWFfdmVyc2lvbiI6IjEifQ==",
          "dependencies": [
            "tls_private_key.portfolio"
          ]
        }
      ]
    },
    {
      "mode": "managed",
      "type": "aws_route_table",
      "name": "public",
      "provider": "provider[\"registry.terraform.io/hashicorp/aws\"]",
      "instances": [
        {
          "schema_version": 0,
          "attributes": {
            "arn": "arn:aws:ec2:us-east-1:158711196866:route-table/rtb-0789d9b04f0c0f871",
            "id": "rtb-0789d9b04f0c0f871",
            "owner_id": "158711196866",
            "propagating_vgws": [],
            "route": [
              {
                "carrier_gateway_id": "",
                "cidr_block": "0.0.0.0/0",
                "core_network_arn": "",
                "destination_prefix_list_id": "",
                "egress_only_gateway_id": "",
                "gateway_id": "igw-021d9648478dba8a0",
                "ipv6_cidr_block": "",
                "local_gateway_id": "",
                "nat_gateway_id": "",
                "network_interface_id": "",
                "transit_gateway_id": "",
                "vpc_endpoint_id": "",
                "vpc_peering_connection_id": ""
              }
            ],
            "tags": {
              "Name": "anoors-portfolio-public-rt"
            },
            "tags_all": {
              "Environment": "dev",
              "ManagedBy": "Terraform",
              "Name": "anoors-portfolio-public-rt",
              "Project": "anoors-portfolio",
              "Scenario": "free-tier"
            },
            "timeouts": null,
            "vpc_id": "vpc-07595318f297c633f"
          },
          "sensitive_attributes": [],
          "identity_schema_version": 0,
          "private": "eyJlMmJmYjczMC1lY2FhLTExZTYtOGY4OC0zNDM2M2JjN2M0YzAiOnsiY3JlYXRlIjozMDAwMDAwMDAwMDAsImRlbGV0ZSI6MzAwMDAwMDAwMDAwLCJ1cGRhdGUiOjEyMDAwMDAwMDAwMH19",
          "dependencies": [
            "aws_internet_gateway.main",
            "aws_vpc.main"
          ]
        }
      ]
    },
    {
      "mode": "managed",
      "type": "aws_route_table_association",
      "name": "public",
      "provider": "provider[\"registry.terraform.io/hashicorp/aws\"]",
      "instances": [
        {
          "schema_version": 0,
          "attributes": {
            "gateway_id": "",
            "id": "rtbassoc-0f11b8e2c5194e850",
            "route_table_id": "rtb-0789d9b04f0c0f871",
            "subnet_id": "subnet-068acf5ca97871e77",
            "timeouts": null
          },
          "sensitive_attributes": [],
          "identity_schema_version": 0,
          "private": "eyJlMmJmYjczMC1lY2FhLTExZTYtOGY4OC0zNDM2M2JjN2M0YzAiOnsiY3JlYXRlIjozMDAwMDAwMDAwMDAsImRlbGV0ZSI6MzAwMDAwMDAwMDAwLCJ1cGRhdGUiOjEyMDAwMDAwMDAwMH19",
          "dependencies": [
            "aws_internet_gateway.main",
            "aws_route_table.public",
            "aws_subnet.public",
            "aws_vpc.main"
          ]
        }
      ]
    },
    {
      "mode": "managed",
      "type": "aws_s3_bucket",
      "name": "terraform_state",
      "provider": "provider[\"registry.terraform.io/hashicorp/aws\"]",
      "instances": [
        {
          "schema_version": 0,
          "attributes": {
            "acceleration_status": "",
            "acl": null,
            "arn": "arn:aws:s3:::anoors-portfolio-tfstate-158711196866",
            "bucket": "anoors-portfolio-tfstate-158711196866",
            "bucket_domain_name": "anoors-portfolio-tfstate-158711196866.s3.amazonaws.com",
            "bucket_prefix": "",
            "bucket_regional_domain_name": "anoors-portfolio-tfstate-158711196866.s3.us-east-1.amazonaws.com",
            "cors_rule": [],
            "force_destroy": false,
            "grant": [
              {
                "id": "3996eae4f530b1c5c442d4ab972e969a6e6eebd640f47871f2f9ec076843f64b",
                "permissions": [
                  "FULL_CONTROL"
                ],
                "type": "CanonicalUser",
                "uri": ""
              }
            ],
            "hosted_zone_id": "Z3AQBSTGFYJSTF",
            "id": "anoors-portfolio-tfstate-158711196866",
            "lifecycle_rule": [],
            "logging": [],
            "object_lock_configuration": [],
            "object_lock_enabled": false,
            "policy": "",
            "region": "us-east-1",
            "replication_configuration": [],
            "request_payer": "BucketOwner",
            "server_side_encryption_configuration": [
              {
                "rule": [
                  {
                    "apply_server_side_encryption_by_default": [
                      {
                        "kms_master_key_id": "",
                        "sse_algorithm": "AES256"
                      }
                    ],
                    "bucket_key_enabled": false
                  }
                ]
              }
            ],
            "tags": {
              "Name": "anoors-portfolio-tfstate",
              "Purpose": "Terraform remote state"
            },
            "tags_all": {
              "Environment": "dev",
              "ManagedBy": "Terraform",
              "Name": "anoors-portfolio-tfstate",
              "Project": "anoors-portfolio",
              "Purpose": "Terraform remote state",
              "Scenario": "free-tier"
            },
            "timeouts": null,
            "versioning": [
              {
                "enabled": false,
                "mfa_delete": false
              }
            ],
            "website": [],
            "website_domain": null,
            "website_endpoint": null
          },
          "sensitive_attributes": [],
          "identity_schema_version": 0,
          "private": "eyJlMmJmYjczMC1lY2FhLTExZTYtOGY4OC0zNDM2M2JjN2M0YzAiOnsiY3JlYXRlIjoxMjAwMDAwMDAwMDAwLCJkZWxldGUiOjM2MDAwMDAwMDAwMDAsInJlYWQiOjEyMDAwMDAwMDAwMDAsInVwZGF0ZSI6MTIwMDAwMDAwMDAwMH19",
          "dependencies": [
            "data.aws_caller_identity.current"
          ]
        }
      ]
    },
    {
      "mode": "managed",
      "type": "aws_s3_bucket_public_access_block",
      "name": "terraform_state",
      "provider": "provider[\"registry.terraform.io/hashicorp/aws\"]",
      "instances": [
        {
          "schema_version": 0,
          "attributes": {
            "block_public_acls": true,
            "block_public_policy": true,
            "bucket": "anoors-portfolio-tfstate-158711196866",
            "id": "anoors-portfolio-tfstate-158711196866",
            "ignore_public_acls": true,
            "restrict_public_buckets": true
          },
          "sensitive_attributes": [],
          "identity_schema_version": 0,
          "private": "bnVsbA==",
          "dependencies": [
            "aws_s3_bucket.terraform_state",
            "data.aws_caller_identity.current"
          ]
        }
      ]
    },
    {
      "mode": "managed",
      "type": "aws_s3_bucket_server_side_encryption_configuration",
      "name": "terraform_state",
      "provider": "provider[\"registry.terraform.io/hashicorp/aws\"]",
      "instances": [
        {
          "schema_version": 0,
          "attributes": {
            "bucket": "anoors-portfolio-tfstate-158711196866",
            "expected_bucket_owner": "",
            "id": "anoors-portfolio-tfstate-158711196866",
            "rule": [
              {
                "apply_server_side_encryption_by_default": [
                  {
                    "kms_master_key_id": "",
                    "sse_algorithm": "AES256"
                  }
                ],
                "bucket_key_enabled": null
              }
            ]
          },
          "sensitive_attributes": [],
          "identity_schema_version": 0,
          "private": "bnVsbA==",
          "dependencies": [
            "aws_s3_bucket.terraform_state",
            "data.aws_caller_identity.current"
          ]
        }
      ]
    },
    {
      "mode": "managed",
      "type": "aws_s3_bucket_versioning",
      "name": "terraform_state",
      "provider": "provider[\"registry.terraform.io/hashicorp/aws\"]",
      "instances": [
        {
          "schema_version": 0,
          "attributes": {
            "bucket": "anoors-portfolio-tfstate-158711196866",
            "expected_bucket_owner": "",
            "id": "anoors-portfolio-tfstate-158711196866",
            "mfa": null,
            "versioning_configuration": [
              {
                "mfa_delete": "",
                "status": "Enabled"
              }
            ]
          },
          "sensitive_attributes": [],
          "identity_schema_version": 0,
          "private": "bnVsbA==",
          "dependencies": [
            "aws_s3_bucket.terraform_state",
            "data.aws_caller_identity.current"
          ]
        }
      ]
    },
    {
      "mode": "managed",
      "type": "aws_security_group",
      "name": "app",
      "provider": "provider[\"registry.terraform.io/hashicorp/aws\"]",
      "instances": [
        {
          "schema_version": 1,
          "attributes": {
            "arn": "arn:aws:ec2:us-east-1:158711196866:security-group/sg-0e5cb4b91645f0910",
            "description": "Security Group pour le serveur portfolio",
            "egress": [
              {
                "cidr_blocks": [
                  "0.0.0.0/0"
                ],
                "description": "All outbound",
                "from_port": 0,
                "ipv6_cidr_blocks": [],
                "prefix_list_ids": [],
                "protocol": "-1",
                "security_groups": [],
                "self": false,
                "to_port": 0
              }
            ],
            "id": "sg-0e5cb4b91645f0910",
            "ingress": [
              {
                "cidr_blocks": [
                  "0.0.0.0/0"
                ],
                "description": "Backend API",
                "from_port": 5000,
                "ipv6_cidr_blocks": [],
                "prefix_list_ids": [],
                "protocol": "tcp",
                "security_groups": [],
                "self": false,
                "to_port": 5000
              },
              {
                "cidr_blocks": [
                  "0.0.0.0/0"
                ],
                "description": "HTTP Frontend",
                "from_port": 80,
                "ipv6_cidr_blocks": [],
                "prefix_list_ids": [],
                "protocol": "tcp",
                "security_groups": [],
                "self": false,
                "to_port": 80
              },
              {
                "cidr_blocks": [
                  "0.0.0.0/0"
                ],
                "description": "HTTPS",
                "from_port": 443,
                "ipv6_cidr_blocks": [],
                "prefix_list_ids": [],
                "protocol": "tcp",
                "security_groups": [],
                "self": false,
                "to_port": 443
              },
              {
                "cidr_blocks": [
                  "0.0.0.0/0"
                ],
                "description": "SSH",
                "from_port": 22,
                "ipv6_cidr_blocks": [],
                "prefix_list_ids": [],
                "protocol": "tcp",
                "security_groups": [],
                "self": false,
                "to_port": 22
              }
            ],
            "name": "anoors-portfolio-sg",
            "name_prefix": "",
            "owner_id": "158711196866",
            "revoke_rules_on_delete": false,
            "tags": {
              "Name": "anoors-portfolio-sg"
            },
            "tags_all": {
              "Environment": "dev",
              "ManagedBy": "Terraform",
              "Name": "anoors-portfolio-sg",
              "Project": "anoors-portfolio",
              "Scenario": "free-tier"
            },
            "timeouts": null,
            "vpc_id": "vpc-07595318f297c633f"
          },
          "sensitive_attributes": [],
          "identity_schema_version": 0,
          "private": "eyJlMmJmYjczMC1lY2FhLTExZTYtOGY4OC0zNDM2M2JjN2M0YzAiOnsiY3JlYXRlIjo2MDAwMDAwMDAwMDAsImRlbGV0ZSI6OTAwMDAwMDAwMDAwfSwic2NoZW1hX3ZlcnNpb24iOiIxIn0=",
          "dependencies": [
            "aws_vpc.main"
          ]
        }
      ]
    },
    {
      "mode": "managed",
      "type": "aws_subnet",
      "name": "public",
      "provider": "provider[\"registry.terraform.io/hashicorp/aws\"]",
      "instances": [
        {
          "schema_version": 1,
          "attributes": {
            "arn": "arn:aws:ec2:us-east-1:158711196866:subnet/subnet-068acf5ca97871e77",
            "assign_ipv6_address_on_creation": false,
            "availability_zone": "us-east-1a",
            "availability_zone_id": "use1-az1",
            "cidr_block": "10.0.1.0/24",
            "customer_owned_ipv4_pool": "",
            "enable_dns64": false,
            "enable_lni_at_device_index": 0,
            "enable_resource_name_dns_a_record_on_launch": false,
            "enable_resource_name_dns_aaaa_record_on_launch": false,
            "id": "subnet-068acf5ca97871e77",
            "ipv6_cidr_block": "",
            "ipv6_cidr_block_association_id": "",
            "ipv6_native": false,
            "map_customer_owned_ip_on_launch": false,
            "map_public_ip_on_launch": true,
            "outpost_arn": "",
            "owner_id": "158711196866",
            "private_dns_hostname_type_on_launch": "ip-name",
            "tags": {
              "Name": "anoors-portfolio-public-subnet"
            },
            "tags_all": {
              "Environment": "dev",
              "ManagedBy": "Terraform",
              "Name": "anoors-portfolio-public-subnet",
              "Project": "anoors-portfolio",
              "Scenario": "free-tier"
            },
            "timeouts": null,
            "vpc_id": "vpc-07595318f297c633f"
          },
          "sensitive_attributes": [],
          "identity_schema_version": 0,
          "private": "eyJlMmJmYjczMC1lY2FhLTExZTYtOGY4OC0zNDM2M2JjN2M0YzAiOnsiY3JlYXRlIjo2MDAwMDAwMDAwMDAsImRlbGV0ZSI6MTIwMDAwMDAwMDAwMH0sInNjaGVtYV92ZXJzaW9uIjoiMSJ9",
          "dependencies": [
            "aws_vpc.main"
          ]
        }
      ]
    },
    {
      "mode": "managed",
      "type": "aws_vpc",
      "name": "main",
      "provider": "provider[\"registry.terraform.io/hashicorp/aws\"]",
      "instances": [
        {
          "schema_version": 1,
          "attributes": {
            "arn": "arn:aws:ec2:us-east-1:158711196866:vpc/vpc-07595318f297c633f",
            "assign_generated_ipv6_cidr_block": false,
            "cidr_block": "10.0.0.0/16",
            "default_network_acl_id": "acl-057e5259b70fecf26",
            "default_route_table_id": "rtb-0e1b132d13fcfd35b",
            "default_security_group_id": "sg-0044fc2029a274733",
            "dhcp_options_id": "dopt-0de956a938be36c8b",
            "enable_dns_hostnames": true,
            "enable_dns_support": true,
            "enable_network_address_usage_metrics": false,
            "id": "vpc-07595318f297c633f",
            "instance_tenancy": "default",
            "ipv4_ipam_pool_id": null,
            "ipv4_netmask_length": null,
            "ipv6_association_id": "",
            "ipv6_cidr_block": "",
            "ipv6_cidr_block_network_border_group": "",
            "ipv6_ipam_pool_id": "",
            "ipv6_netmask_length": 0,
            "main_route_table_id": "rtb-0e1b132d13fcfd35b",
            "owner_id": "158711196866",
            "tags": {
              "Name": "anoors-portfolio-vpc"
            },
            "tags_all": {
              "Environment": "dev",
              "ManagedBy": "Terraform",
              "Name": "anoors-portfolio-vpc",
              "Project": "anoors-portfolio",
              "Scenario": "free-tier"
            }
          },
          "sensitive_attributes": [],
          "identity_schema_version": 0,
          "private": "eyJzY2hlbWFfdmVyc2lvbiI6IjEifQ=="
        }
      ]
    },
    {
      "mode": "managed",
      "type": "local_file",
      "name": "private_key",
      "provider": "provider[\"registry.terraform.io/hashicorp/local\"]",
      "instances": [
        {
          "schema_version": 0,
          "attributes": {
            "content": "-----BEGIN RSA PRIVATE KEY-----\nMIIJKAIBAAKCAgEArRpyNw9Q2qd004VPGl4xU4o086fv/Jh4XJIyDgo467jwG/ye\n9mwUBIN3KoYemP6GZ5tGw4A8wUfJTO3XMJVAzExH0ZjkNowkQU6zka1TEfNzREXr\nesLAvgMCO5Bbj5KMyMbPBF6KVdWZAWmDxf/EcfnvYA4F9lyVLgfVW4EFgUeaPiix\n5hhEY7cfulgl3cgVDvi5lv2+r8KEU5o1BZeAYm/3PtJnQHDhPY/J1vLqlqzeUCue\n3RFAORpTAMJzaHgGbT2Eeruo9DGblir6Jzrz4APilNClf273XhzLf+cs+9vaAXfn\nlKdbgD09wDiiY7n4SpPxoD3T1DUu8gv79w46tR3shqVN7zDb2IwMMfIyGLDVaJPx\nJ4kTfI6BlAnezZlUbnRkvH7qo+GgD5OfFF2fwHeh5yPTKaz1bJxZInB8vDTdVgXE\nyBthmVElWiJiLCSKjvzIqbSStugAIlFyrxe9cnHcBTlcH/VloOUs7eOUQHoSrX4c\nLhk0Zv2mZ8PQs3q7FxiZ8bfA6ksoAmtE+hcMtkiJPIUnFWpNwpR+oZAx3Jp3dmbA\n/jnoCCTxQLY/q6xdMmQUr1fn8wXXt3t8k+bSVXjb+ljuiWkcym/Wlu2P3tHWBjm1\neTTDE2xlS2dkC6wOFAmcZ8QOaA1MfBy0xgIckoU8yVNSEkYJ3vl9OTBr2ykCAwEA\nAQKCAgADcGEQgvdiQK1rflyB85kbRcWjiZSU+hp6DFV+Pem/lR8AD1bBIoiLRmlZ\nqOx2safN6yHOxH9wf5KaOqdpya1N4b4ThewSwVn/Cic7H6xk0OdbVeBFwhS+MaUb\ntdR717eATaLTPWWWKvYtNwFtL5WhhguhZuXrbQ9xqKoudTO8y8VessRGA/ln2b2B\noDqwW0c/0uUtAMGHEGA8oPWotMfSLNNGpjty5kszQ+YIpS7P64NHKHaxgaQ6/jDj\n9PkB/FB0XyKApbXHlCy5IQVzPhKWQr1/o12GWJgFgKDyW49jOYztNoqdQ23n8E+H\nwBhJzuoF4UaNnmzU7HGQUXiiAeBcrGrRHFkkoj3Zt6dMG3ED73Sh7rHCzyIvQNIX\nY682bB0DoerlbUq/PKp98leiCyZ8X3qJ1tSPOl3otZOkW0ZyzZuHN5Bmo+MZREUo\njdKRd0b+ty7i/DKdKSzkULmKm+gHSFRPoC7LRL38pYNDPmVFwfYI1JzMZvcWaoRi\nQ2XTMeuCDlh2dqQl7u6y6NbFlSMpSDRGJv2lCZOyJ2niGjzIAXxTMmrCCjWS1pXL\nUiCgynIZf+bG/zTu7evPQUxYza04Q/dhK3YfvOBFeQ5SA7bQ6fRIWWjCYNDKvdrU\nMk/QZ/EhzYl7hlEIwgxg+YF/p7obqI/4XVgmZc8PVZyY5mBoYQKCAQEA2lEaBN4T\n1nhSy6GWMEhhgDUnFvWNG5yIGYDNdVmpauUMyrcJSQLFEQl4jF7kYp+l55vq+0m0\nBXkOLJ5OZAx48aqIkzrJ/tiDWU9jpyPElN43DiJfJp4Ap4/LPB8Y+16fUGRhAfCW\n8QwgpMeIl4+cYVvPZdxlzylXjfiD5eQah8kiCdOC9gfPUo9Ovij4XsvQJ44JDu8n\nFdKT18c4frCWzAd9wBKkTi+pSjSzSYXrDV3VwHK1nKntjCzBqx9F6iJicJHJeSVH\nQGH5aBF/676OX5KIjbPQXU1BG3H6lwfpBEAsYO9yYIYEDdgh9u13wRZWm5k8zJEm\n752ed05wKfN+7QKCAQEAyvt3zTduJywVYdbL+xr+RiSBU1wLgVMYC1mbXiJqtD90\nv5iYCjjGJ/DqOz3Aigk99hY99ChRSz5rHwvZX6W6Z0+9gMVU9gyYQUnOkjluq4Cx\n8w2uOXzmRMEOBA1Twvq1LI7Z/lFLwzfNbNmldmL9HqdgIV3cyMRmBut5vBaOxl7j\nyK0bLCvRnaIrtKTFklsp5B28dErNDru6HqBN6Th5qWhdkXR0eJOX19wHvPTziAOy\nwkBGaqQ8wReoIKn3eCkUOYPGI/SsIzj6c/Os00B6XyceLMWJEpwNkYbFYdtnhUo4\nJEs52i6FNeQ5h/7q6o7PPwuTWKSoGfhqD16o+zPJrQKCAQAWr3q+qrzw+kvQMRhE\nKCFJizxmnFlvVxKlY8b1vL1oCCkOH3rthUYpAQzvuSSOQvygVolSV1RHhU69wC1x\nJAKlSg0rD17SBnmPnDpEsejJd1XNODEe+CglQUHjG3AjHq/7UJLr+q4UmigCN2Gw\nLhIX48xnT0GdBzS74ekCyHMhTPsmfj4LhsA6Wf3asLMuVotosM+sJ5muINWQBHmQ\nYJUq2lRs0wMTxMwYk+VVbH8CQo/lkYXho561hCkTuQowzCXigKOo3QDMZeHeuILM\nYl60+6sI3nh2WYK8cVmSvBWwhWKXKAqAkSx2q9DLsd1RyRpyzLeOoj6jg4Nl7lal\nZVH5AoIBAEibqWAUKugCQefMoQzCvCA1ILnD3C23nos403XZ09eEN2vt1r0ZT/Cr\noe3tCfmWkr57eE/lOCc1PbZOU8R+EO6xvHTaoaieGryH/UebGbZpg74Qr7jKr8f6\nUtwqNEMz0SkONHZfeD1tsaL1O9XcVPTpJF7rJ3X9ow1ooBQi8ZGOEecP3P9w8Tt0\n7jNhGXdf+t0psebbdvyFNG+OIjCBzitGNOo6AQu8p/1ELNRvvslxoTkRKt8svrrH\njpGYmvg1oZFtTKxB8m1rDVP632B12RA+evHC+2RXxBbBYcu+Ywpv4SNCcYBVUbtU\nVywJiNi8mu/PYTa9N5CKps22q7Wn8cUCggEBANF7OWhfeieigkyd15djm2/vUkrY\nuSkkek8wp9mdD3OLKYFIFCusCsXYyS+xTPpOD+2qSYyY9kT5I3nuUxS/6jmxdODL\n+Anpnkf+pr5VIQDQghlD8GEXU+ZEw0vWorPOlw8gRfZceOlS+QkgFPUdCdG3Osyt\noz3XolmWUq5VdZBkUE1GFfRQ+vpNaI+orZ7uCNxKRSgT3RO8dL3qTXrZNPtRH8t3\n/mjykF9Pf74INfXmI3kLJihNrC+ZhhnCuBW48BSNgrCW3l29d8I5+z/sA1N5B+yJ\nmvfKfNNB1X9zo9aLENdbBdFiDr2Ur8QF0B0OU4OCReuFexZKaV5vkiiu5XQ=\n-----END RSA PRIVATE KEY-----\n",
            "content_base64": null,
            "content_base64sha256": "2wzLoZwXX7NQ2/LaLh6lBrNZ6pa4vyc5RFdT0T0cqmE=",
            "content_base64sha512": "7x1RYLEakxC03MTmbAovZ7q9Vo6iVOZs44rpTEvG+lIIeJkrxWkN/6WkFIrh14La9n4AnHTyVxycpM5cqZRvLA==",
            "content_md5": "82aad3a6c09fb82648c8147016cf7cd2",
            "content_sha1": "a5588874f2946594e56e6cd38edfd0a73b618265",
            "content_sha256": "db0ccba19c175fb350dbf2da2e1ea506b359ea96b8bf2739445753d13d1caa61",
            "content_sha512": "ef1d5160b11a9310b4dcc4e66c0a2f67babd568ea254e66ce38ae94c4bc6fa520878992bc5690dffa5a4148ae1d782daf67e009c74f2571c9ca4ce5ca9946f2c",
            "directory_permission": "0777",
            "file_permission": "0400",
            "filename": "./portfolio-keypair.pem",
            "id": "a5588874f2946594e56e6cd38edfd0a73b618265",
            "sensitive_content": null,
            "source": null
          },
          "sensitive_attributes": [
            [
              {
                "type": "get_attr",
                "value": "content"
              }
            ],
            [
              {
                "type": "get_attr",
                "value": "sensitive_content"
              }
            ]
          ],
          "identity_schema_version": 0,
          "dependencies": [
            "tls_private_key.portfolio"
          ]
        }
      ]
    },
    {
      "mode": "managed",
      "type": "tls_private_key",
      "name": "portfolio",
      "provider": "provider[\"registry.terraform.io/hashicorp/tls\"]",
      "instances": [
        {
          "schema_version": 1,
          "attributes": {
            "algorithm": "RSA",
            "ecdsa_curve": "P224",
            "id": "90e25cd16b36a59d67237ecd7006758b7b95db49",
            "private_key_openssh": "-----BEGIN OPENSSH PRIVATE KEY-----\nb3BlbnNzaC1rZXktdjEAAAAABG5vbmUAAAAEbm9uZQAAAAAAAAABAAACFwAAAAdz\nc2gtcnNhAAAAAwEAAQAAAgEArRpyNw9Q2qd004VPGl4xU4o086fv/Jh4XJIyDgo4\n67jwG/ye9mwUBIN3KoYemP6GZ5tGw4A8wUfJTO3XMJVAzExH0ZjkNowkQU6zka1T\nEfNzREXresLAvgMCO5Bbj5KMyMbPBF6KVdWZAWmDxf/EcfnvYA4F9lyVLgfVW4EF\ngUeaPiix5hhEY7cfulgl3cgVDvi5lv2+r8KEU5o1BZeAYm/3PtJnQHDhPY/J1vLq\nlqzeUCue3RFAORpTAMJzaHgGbT2Eeruo9DGblir6Jzrz4APilNClf273XhzLf+cs\n+9vaAXfnlKdbgD09wDiiY7n4SpPxoD3T1DUu8gv79w46tR3shqVN7zDb2IwMMfIy\nGLDVaJPxJ4kTfI6BlAnezZlUbnRkvH7qo+GgD5OfFF2fwHeh5yPTKaz1bJxZInB8\nvDTdVgXEyBthmVElWiJiLCSKjvzIqbSStugAIlFyrxe9cnHcBTlcH/VloOUs7eOU\nQHoSrX4cLhk0Zv2mZ8PQs3q7FxiZ8bfA6ksoAmtE+hcMtkiJPIUnFWpNwpR+oZAx\n3Jp3dmbA/jnoCCTxQLY/q6xdMmQUr1fn8wXXt3t8k+bSVXjb+ljuiWkcym/Wlu2P\n3tHWBjm1eTTDE2xlS2dkC6wOFAmcZ8QOaA1MfBy0xgIckoU8yVNSEkYJ3vl9OTBr\n2ykAAAc4NtXHVjbVx1YAAAAHc3NoLXJzYQAAAgEArRpyNw9Q2qd004VPGl4xU4o0\n86fv/Jh4XJIyDgo467jwG/ye9mwUBIN3KoYemP6GZ5tGw4A8wUfJTO3XMJVAzExH\n0ZjkNowkQU6zka1TEfNzREXresLAvgMCO5Bbj5KMyMbPBF6KVdWZAWmDxf/Ecfnv\nYA4F9lyVLgfVW4EFgUeaPiix5hhEY7cfulgl3cgVDvi5lv2+r8KEU5o1BZeAYm/3\nPtJnQHDhPY/J1vLqlqzeUCue3RFAORpTAMJzaHgGbT2Eeruo9DGblir6Jzrz4APi\nlNClf273XhzLf+cs+9vaAXfnlKdbgD09wDiiY7n4SpPxoD3T1DUu8gv79w46tR3s\nhqVN7zDb2IwMMfIyGLDVaJPxJ4kTfI6BlAnezZlUbnRkvH7qo+GgD5OfFF2fwHeh\n5yPTKaz1bJxZInB8vDTdVgXEyBthmVElWiJiLCSKjvzIqbSStugAIlFyrxe9cnHc\nBTlcH/VloOUs7eOUQHoSrX4cLhk0Zv2mZ8PQs3q7FxiZ8bfA6ksoAmtE+hcMtkiJ\nPIUnFWpNwpR+oZAx3Jp3dmbA/jnoCCTxQLY/q6xdMmQUr1fn8wXXt3t8k+bSVXjb\n+ljuiWkcym/Wlu2P3tHWBjm1eTTDE2xlS2dkC6wOFAmcZ8QOaA1MfBy0xgIckoU8\nyVNSEkYJ3vl9OTBr2ykAAAADAQABAAACAANwYRCC92JArWt+XIHzmRtFxaOJlJT6\nGnoMVX496b+VHwAPVsEiiItGaVmo7Haxp83rIc7Ef3B/kpo6p2nJrU3hvhOF7BLB\nWf8KJzsfrGTQ51tV4EXCFL4xpRu11HvXt4BNotM9ZZYq9i03AW0vlaGGC6Fm5ett\nD3Goqi51M7zLxV6yxEYD+WfZvYGgOrBbRz/S5S0AwYcQYDyg9ai0x9Is00amO3Lm\nSzND5gilLs/rg0codrGBpDr+MOP0+QH8UHRfIoCltceULLkhBXM+EpZCvX+jXYZY\nmAWAoPJbj2M5jO02ip1DbefwT4fAGEnO6gXhRo2ebNTscZBReKIB4FysatEcWSSi\nPdm3p0wbcQPvdKHuscLPIi9A0hdjrzZsHQOh6uVtSr88qn3yV6ILJnxfeonW1I86\nXei1k6RbRnLNm4c3kGaj4xlERSiN0pF3Rv63LuL8Mp0pLORQuYqb6AdIVE+gLstE\nvfylg0M+ZUXB9gjUnMxm9xZqhGJDZdMx64IOWHZ2pCXu7rLo1sWVIylINEYm/aUJ\nk7InaeIaPMgBfFMyasIKNZLWlctSIKDKchl/5sb/NO7t689BTFjNrThD92Erdh+8\n4EV5DlIDttDp9EhZaMJg0Mq92tQyT9Bn8SHNiXuGUQjCDGD5gX+nuhuoj/hdWCZl\nzw9VnJjmYGhhAAABAQDRezloX3onooJMndeXY5tv71JK2LkpJHpPMKfZnQ9ziymB\nSBQrrArF2MkvsUz6Tg/tqkmMmPZE+SN57lMUv+o5sXTgy/gJ6Z5H/qa+VSEA0IIZ\nQ/BhF1PmRMNL1qKzzpcPIEX2XHjpUvkJIBT1HQnRtzrMraM916JZllKuVXWQZFBN\nRhX0UPr6TWiPqK2e7gjcSkUoE90TvHS96k162TT7UR/Ld/5o8pBfT3++CDX15iN5\nCyYoTawvmYYZwrgVuPAUjYKwlt5dvXfCOfs/7ANTeQfsiZr3ynzTQdV/c6PWixDX\nWwXRYg69lK/EBdAdDlODgkXrhXsWSmleb5IoruV0AAABAQDaURoE3hPWeFLLoZYw\nSGGANScW9Y0bnIgZgM11Walq5QzKtwlJAsURCXiMXuRin6Xnm+r7SbQFeQ4snk5k\nDHjxqoiTOsn+2INZT2OnI8SU3jcOIl8mngCnj8s8Hxj7Xp9QZGEB8JbxDCCkx4iX\nj5xhW89l3GXPKVeN+IPl5BqHySIJ04L2B89Sj06+KPhey9AnjgkO7ycV0pPXxzh+\nsJbMB33AEqROL6lKNLNJhesNXdXAcrWcqe2MLMGrH0XqImJwkcl5JUdAYfloEX/r\nvo5fkoiNs9BdTUEbcfqXB+kEQCxg73JghgQN2CH27XfBFlabmTzMkSbvnZ53TnAp\n837tAAABAQDK+3fNN24nLBVh1sv7Gv5GJIFTXAuBUxgLWZteImq0P3S/mJgKOMYn\n8Oo7PcCKCT32Fj30KFFLPmsfC9lfpbpnT72AxVT2DJhBSc6SOW6rgLHzDa45fOZE\nwQ4EDVPC+rUsjtn+UUvDN81s2aV2Yv0ep2AhXdzIxGYG63m8Fo7GXuPIrRssK9Gd\noiu0pMWSWynkHbx0Ss0Ou7oeoE3pOHmpaF2RdHR4k5fX3Ae89POIA7LCQEZqpDzB\nF6ggqfd4KRQ5g8Yj9KwjOPpz86zTQHpfJx4sxYkSnA2RhsVh22eFSjgkSznaLoU1\n5DmH/urqjs8/C5NYpKgZ+GoPXqj7M8mtAAAAAAEC\n-----END OPENSSH PRIVATE KEY-----\n",
            "private_key_pem": "-----BEGIN RSA PRIVATE KEY-----\nMIIJKAIBAAKCAgEArRpyNw9Q2qd004VPGl4xU4o086fv/Jh4XJIyDgo467jwG/ye\n9mwUBIN3KoYemP6GZ5tGw4A8wUfJTO3XMJVAzExH0ZjkNowkQU6zka1TEfNzREXr\nesLAvgMCO5Bbj5KMyMbPBF6KVdWZAWmDxf/EcfnvYA4F9lyVLgfVW4EFgUeaPiix\n5hhEY7cfulgl3cgVDvi5lv2+r8KEU5o1BZeAYm/3PtJnQHDhPY/J1vLqlqzeUCue\n3RFAORpTAMJzaHgGbT2Eeruo9DGblir6Jzrz4APilNClf273XhzLf+cs+9vaAXfn\nlKdbgD09wDiiY7n4SpPxoD3T1DUu8gv79w46tR3shqVN7zDb2IwMMfIyGLDVaJPx\nJ4kTfI6BlAnezZlUbnRkvH7qo+GgD5OfFF2fwHeh5yPTKaz1bJxZInB8vDTdVgXE\nyBthmVElWiJiLCSKjvzIqbSStugAIlFyrxe9cnHcBTlcH/VloOUs7eOUQHoSrX4c\nLhk0Zv2mZ8PQs3q7FxiZ8bfA6ksoAmtE+hcMtkiJPIUnFWpNwpR+oZAx3Jp3dmbA\n/jnoCCTxQLY/q6xdMmQUr1fn8wXXt3t8k+bSVXjb+ljuiWkcym/Wlu2P3tHWBjm1\neTTDE2xlS2dkC6wOFAmcZ8QOaA1MfBy0xgIckoU8yVNSEkYJ3vl9OTBr2ykCAwEA\nAQKCAgADcGEQgvdiQK1rflyB85kbRcWjiZSU+hp6DFV+Pem/lR8AD1bBIoiLRmlZ\nqOx2safN6yHOxH9wf5KaOqdpya1N4b4ThewSwVn/Cic7H6xk0OdbVeBFwhS+MaUb\ntdR717eATaLTPWWWKvYtNwFtL5WhhguhZuXrbQ9xqKoudTO8y8VessRGA/ln2b2B\noDqwW0c/0uUtAMGHEGA8oPWotMfSLNNGpjty5kszQ+YIpS7P64NHKHaxgaQ6/jDj\n9PkB/FB0XyKApbXHlCy5IQVzPhKWQr1/o12GWJgFgKDyW49jOYztNoqdQ23n8E+H\nwBhJzuoF4UaNnmzU7HGQUXiiAeBcrGrRHFkkoj3Zt6dMG3ED73Sh7rHCzyIvQNIX\nY682bB0DoerlbUq/PKp98leiCyZ8X3qJ1tSPOl3otZOkW0ZyzZuHN5Bmo+MZREUo\njdKRd0b+ty7i/DKdKSzkULmKm+gHSFRPoC7LRL38pYNDPmVFwfYI1JzMZvcWaoRi\nQ2XTMeuCDlh2dqQl7u6y6NbFlSMpSDRGJv2lCZOyJ2niGjzIAXxTMmrCCjWS1pXL\nUiCgynIZf+bG/zTu7evPQUxYza04Q/dhK3YfvOBFeQ5SA7bQ6fRIWWjCYNDKvdrU\nMk/QZ/EhzYl7hlEIwgxg+YF/p7obqI/4XVgmZc8PVZyY5mBoYQKCAQEA2lEaBN4T\n1nhSy6GWMEhhgDUnFvWNG5yIGYDNdVmpauUMyrcJSQLFEQl4jF7kYp+l55vq+0m0\nBXkOLJ5OZAx48aqIkzrJ/tiDWU9jpyPElN43DiJfJp4Ap4/LPB8Y+16fUGRhAfCW\n8QwgpMeIl4+cYVvPZdxlzylXjfiD5eQah8kiCdOC9gfPUo9Ovij4XsvQJ44JDu8n\nFdKT18c4frCWzAd9wBKkTi+pSjSzSYXrDV3VwHK1nKntjCzBqx9F6iJicJHJeSVH\nQGH5aBF/676OX5KIjbPQXU1BG3H6lwfpBEAsYO9yYIYEDdgh9u13wRZWm5k8zJEm\n752ed05wKfN+7QKCAQEAyvt3zTduJywVYdbL+xr+RiSBU1wLgVMYC1mbXiJqtD90\nv5iYCjjGJ/DqOz3Aigk99hY99ChRSz5rHwvZX6W6Z0+9gMVU9gyYQUnOkjluq4Cx\n8w2uOXzmRMEOBA1Twvq1LI7Z/lFLwzfNbNmldmL9HqdgIV3cyMRmBut5vBaOxl7j\nyK0bLCvRnaIrtKTFklsp5B28dErNDru6HqBN6Th5qWhdkXR0eJOX19wHvPTziAOy\nwkBGaqQ8wReoIKn3eCkUOYPGI/SsIzj6c/Os00B6XyceLMWJEpwNkYbFYdtnhUo4\nJEs52i6FNeQ5h/7q6o7PPwuTWKSoGfhqD16o+zPJrQKCAQAWr3q+qrzw+kvQMRhE\nKCFJizxmnFlvVxKlY8b1vL1oCCkOH3rthUYpAQzvuSSOQvygVolSV1RHhU69wC1x\nJAKlSg0rD17SBnmPnDpEsejJd1XNODEe+CglQUHjG3AjHq/7UJLr+q4UmigCN2Gw\nLhIX48xnT0GdBzS74ekCyHMhTPsmfj4LhsA6Wf3asLMuVotosM+sJ5muINWQBHmQ\nYJUq2lRs0wMTxMwYk+VVbH8CQo/lkYXho561hCkTuQowzCXigKOo3QDMZeHeuILM\nYl60+6sI3nh2WYK8cVmSvBWwhWKXKAqAkSx2q9DLsd1RyRpyzLeOoj6jg4Nl7lal\nZVH5AoIBAEibqWAUKugCQefMoQzCvCA1ILnD3C23nos403XZ09eEN2vt1r0ZT/Cr\noe3tCfmWkr57eE/lOCc1PbZOU8R+EO6xvHTaoaieGryH/UebGbZpg74Qr7jKr8f6\nUtwqNEMz0SkONHZfeD1tsaL1O9XcVPTpJF7rJ3X9ow1ooBQi8ZGOEecP3P9w8Tt0\n7jNhGXdf+t0psebbdvyFNG+OIjCBzitGNOo6AQu8p/1ELNRvvslxoTkRKt8svrrH\njpGYmvg1oZFtTKxB8m1rDVP632B12RA+evHC+2RXxBbBYcu+Ywpv4SNCcYBVUbtU\nVywJiNi8mu/PYTa9N5CKps22q7Wn8cUCggEBANF7OWhfeieigkyd15djm2/vUkrY\nuSkkek8wp9mdD3OLKYFIFCusCsXYyS+xTPpOD+2qSYyY9kT5I3nuUxS/6jmxdODL\n+Anpnkf+pr5VIQDQghlD8GEXU+ZEw0vWorPOlw8gRfZceOlS+QkgFPUdCdG3Osyt\noz3XolmWUq5VdZBkUE1GFfRQ+vpNaI+orZ7uCNxKRSgT3RO8dL3qTXrZNPtRH8t3\n/mjykF9Pf74INfXmI3kLJihNrC+ZhhnCuBW48BSNgrCW3l29d8I5+z/sA1N5B+yJ\nmvfKfNNB1X9zo9aLENdbBdFiDr2Ur8QF0B0OU4OCReuFexZKaV5vkiiu5XQ=\n-----END RSA PRIVATE KEY-----\n",
            "private_key_pem_pkcs8": "-----BEGIN PRIVATE KEY-----\nMIIJQgIBADANBgkqhkiG9w0BAQEFAASCCSwwggkoAgEAAoICAQCtGnI3D1Dap3TT\nhU8aXjFTijTzp+/8mHhckjIOCjjruPAb/J72bBQEg3cqhh6Y/oZnm0bDgDzBR8lM\n7dcwlUDMTEfRmOQ2jCRBTrORrVMR83NERet6wsC+AwI7kFuPkozIxs8EXopV1ZkB\naYPF/8Rx+e9gDgX2XJUuB9VbgQWBR5o+KLHmGERjtx+6WCXdyBUO+LmW/b6vwoRT\nmjUFl4Bib/c+0mdAcOE9j8nW8uqWrN5QK57dEUA5GlMAwnNoeAZtPYR6u6j0MZuW\nKvonOvPgA+KU0KV/bvdeHMt/5yz729oBd+eUp1uAPT3AOKJjufhKk/GgPdPUNS7y\nC/v3Djq1HeyGpU3vMNvYjAwx8jIYsNVok/EniRN8joGUCd7NmVRudGS8fuqj4aAP\nk58UXZ/Ad6HnI9MprPVsnFkicHy8NN1WBcTIG2GZUSVaImIsJIqO/MiptJK26AAi\nUXKvF71ycdwFOVwf9WWg5Szt45RAehKtfhwuGTRm/aZnw9CzersXGJnxt8DqSygC\na0T6Fwy2SIk8hScVak3ClH6hkDHcmnd2ZsD+OegIJPFAtj+rrF0yZBSvV+fzBde3\ne3yT5tJVeNv6WO6JaRzKb9aW7Y/e0dYGObV5NMMTbGVLZ2QLrA4UCZxnxA5oDUx8\nHLTGAhyShTzJU1ISRgne+X05MGvbKQIDAQABAoICAANwYRCC92JArWt+XIHzmRtF\nxaOJlJT6GnoMVX496b+VHwAPVsEiiItGaVmo7Haxp83rIc7Ef3B/kpo6p2nJrU3h\nvhOF7BLBWf8KJzsfrGTQ51tV4EXCFL4xpRu11HvXt4BNotM9ZZYq9i03AW0vlaGG\nC6Fm5ettD3Goqi51M7zLxV6yxEYD+WfZvYGgOrBbRz/S5S0AwYcQYDyg9ai0x9Is\n00amO3LmSzND5gilLs/rg0codrGBpDr+MOP0+QH8UHRfIoCltceULLkhBXM+EpZC\nvX+jXYZYmAWAoPJbj2M5jO02ip1DbefwT4fAGEnO6gXhRo2ebNTscZBReKIB4Fys\natEcWSSiPdm3p0wbcQPvdKHuscLPIi9A0hdjrzZsHQOh6uVtSr88qn3yV6ILJnxf\neonW1I86Xei1k6RbRnLNm4c3kGaj4xlERSiN0pF3Rv63LuL8Mp0pLORQuYqb6AdI\nVE+gLstEvfylg0M+ZUXB9gjUnMxm9xZqhGJDZdMx64IOWHZ2pCXu7rLo1sWVIylI\nNEYm/aUJk7InaeIaPMgBfFMyasIKNZLWlctSIKDKchl/5sb/NO7t689BTFjNrThD\n92Erdh+84EV5DlIDttDp9EhZaMJg0Mq92tQyT9Bn8SHNiXuGUQjCDGD5gX+nuhuo\nj/hdWCZlzw9VnJjmYGhhAoIBAQDaURoE3hPWeFLLoZYwSGGANScW9Y0bnIgZgM11\nWalq5QzKtwlJAsURCXiMXuRin6Xnm+r7SbQFeQ4snk5kDHjxqoiTOsn+2INZT2On\nI8SU3jcOIl8mngCnj8s8Hxj7Xp9QZGEB8JbxDCCkx4iXj5xhW89l3GXPKVeN+IPl\n5BqHySIJ04L2B89Sj06+KPhey9AnjgkO7ycV0pPXxzh+sJbMB33AEqROL6lKNLNJ\nhesNXdXAcrWcqe2MLMGrH0XqImJwkcl5JUdAYfloEX/rvo5fkoiNs9BdTUEbcfqX\nB+kEQCxg73JghgQN2CH27XfBFlabmTzMkSbvnZ53TnAp837tAoIBAQDK+3fNN24n\nLBVh1sv7Gv5GJIFTXAuBUxgLWZteImq0P3S/mJgKOMYn8Oo7PcCKCT32Fj30KFFL\nPmsfC9lfpbpnT72AxVT2DJhBSc6SOW6rgLHzDa45fOZEwQ4EDVPC+rUsjtn+UUvD\nN81s2aV2Yv0ep2AhXdzIxGYG63m8Fo7GXuPIrRssK9Gdoiu0pMWSWynkHbx0Ss0O\nu7oeoE3pOHmpaF2RdHR4k5fX3Ae89POIA7LCQEZqpDzBF6ggqfd4KRQ5g8Yj9Kwj\nOPpz86zTQHpfJx4sxYkSnA2RhsVh22eFSjgkSznaLoU15DmH/urqjs8/C5NYpKgZ\n+GoPXqj7M8mtAoIBABaver6qvPD6S9AxGEQoIUmLPGacWW9XEqVjxvW8vWgIKQ4f\neu2FRikBDO+5JI5C/KBWiVJXVEeFTr3ALXEkAqVKDSsPXtIGeY+cOkSx6Ml3Vc04\nMR74KCVBQeMbcCMer/tQkuv6rhSaKAI3YbAuEhfjzGdPQZ0HNLvh6QLIcyFM+yZ+\nPguGwDpZ/dqwsy5Wi2iwz6wnma4g1ZAEeZBglSraVGzTAxPEzBiT5VVsfwJCj+WR\nheGjnrWEKRO5CjDMJeKAo6jdAMxl4d64gsxiXrT7qwjeeHZZgrxxWZK8FbCFYpco\nCoCRLHar0Mux3VHJGnLMt46iPqODg2XuVqVlUfkCggEASJupYBQq6AJB58yhDMK8\nIDUgucPcLbeeizjTddnT14Q3a+3WvRlP8Kuh7e0J+ZaSvnt4T+U4JzU9tk5TxH4Q\n7rG8dNqhqJ4avIf9R5sZtmmDvhCvuMqvx/pS3Co0QzPRKQ40dl94PW2xovU71dxU\n9OkkXusndf2jDWigFCLxkY4R5w/c/3DxO3TuM2EZd1/63Smx5tt2/IU0b44iMIHO\nK0Y06joBC7yn/UQs1G++yXGhOREq3yy+useOkZia+DWhkW1MrEHybWsNU/rfYHXZ\nED568cL7ZFfEFsFhy75jCm/hI0JxgFVRu1RXLAmI2Lya789hNr03kIqmzbartafx\nxQKCAQEA0Xs5aF96J6KCTJ3Xl2Obb+9SSti5KSR6TzCn2Z0Pc4spgUgUK6wKxdjJ\nL7FM+k4P7apJjJj2RPkjee5TFL/qObF04Mv4CemeR/6mvlUhANCCGUPwYRdT5kTD\nS9ais86XDyBF9lx46VL5CSAU9R0J0bc6zK2jPdeiWZZSrlV1kGRQTUYV9FD6+k1o\nj6itnu4I3EpFKBPdE7x0vepNetk0+1Efy3f+aPKQX09/vgg19eYjeQsmKE2sL5mG\nGcK4FbjwFI2CsJbeXb13wjn7P+wDU3kH7Ima98p800HVf3Oj1osQ11sF0WIOvZSv\nxAXQHQ5Tg4JF64V7FkppXm+SKK7ldA==\n-----END PRIVATE KEY-----\n",
            "public_key_fingerprint_md5": "81:bc:e2:ff:66:50:66:90:f2:b3:01:33:2b:07:64:fe",
            "public_key_fingerprint_sha256": "SHA256:M5fJeFmRxpO2m9x6vokVJyhggQJXrKPWvJSDGRLmOm0",
            "public_key_openssh": "ssh-rsa AAAAB3NzaC1yc2EAAAADAQABAAACAQCtGnI3D1Dap3TThU8aXjFTijTzp+/8mHhckjIOCjjruPAb/J72bBQEg3cqhh6Y/oZnm0bDgDzBR8lM7dcwlUDMTEfRmOQ2jCRBTrORrVMR83NERet6wsC+AwI7kFuPkozIxs8EXopV1ZkBaYPF/8Rx+e9gDgX2XJUuB9VbgQWBR5o+KLHmGERjtx+6WCXdyBUO+LmW/b6vwoRTmjUFl4Bib/c+0mdAcOE9j8nW8uqWrN5QK57dEUA5GlMAwnNoeAZtPYR6u6j0MZuWKvonOvPgA+KU0KV/bvdeHMt/5yz729oBd+eUp1uAPT3AOKJjufhKk/GgPdPUNS7yC/v3Djq1HeyGpU3vMNvYjAwx8jIYsNVok/EniRN8joGUCd7NmVRudGS8fuqj4aAPk58UXZ/Ad6HnI9MprPVsnFkicHy8NN1WBcTIG2GZUSVaImIsJIqO/MiptJK26AAiUXKvF71ycdwFOVwf9WWg5Szt45RAehKtfhwuGTRm/aZnw9CzersXGJnxt8DqSygCa0T6Fwy2SIk8hScVak3ClH6hkDHcmnd2ZsD+OegIJPFAtj+rrF0yZBSvV+fzBde3e3yT5tJVeNv6WO6JaRzKb9aW7Y/e0dYGObV5NMMTbGVLZ2QLrA4UCZxnxA5oDUx8HLTGAhyShTzJU1ISRgne+X05MGvbKQ==\n",
            "public_key_pem": "-----BEGIN PUBLIC KEY-----\nMIICIjANBgkqhkiG9w0BAQEFAAOCAg8AMIICCgKCAgEArRpyNw9Q2qd004VPGl4x\nU4o086fv/Jh4XJIyDgo467jwG/ye9mwUBIN3KoYemP6GZ5tGw4A8wUfJTO3XMJVA\nzExH0ZjkNowkQU6zka1TEfNzREXresLAvgMCO5Bbj5KMyMbPBF6KVdWZAWmDxf/E\ncfnvYA4F9lyVLgfVW4EFgUeaPiix5hhEY7cfulgl3cgVDvi5lv2+r8KEU5o1BZeA\nYm/3PtJnQHDhPY/J1vLqlqzeUCue3RFAORpTAMJzaHgGbT2Eeruo9DGblir6Jzrz\n4APilNClf273XhzLf+cs+9vaAXfnlKdbgD09wDiiY7n4SpPxoD3T1DUu8gv79w46\ntR3shqVN7zDb2IwMMfIyGLDVaJPxJ4kTfI6BlAnezZlUbnRkvH7qo+GgD5OfFF2f\nwHeh5yPTKaz1bJxZInB8vDTdVgXEyBthmVElWiJiLCSKjvzIqbSStugAIlFyrxe9\ncnHcBTlcH/VloOUs7eOUQHoSrX4cLhk0Zv2mZ8PQs3q7FxiZ8bfA6ksoAmtE+hcM\ntkiJPIUnFWpNwpR+oZAx3Jp3dmbA/jnoCCTxQLY/q6xdMmQUr1fn8wXXt3t8k+bS\nVXjb+ljuiWkcym/Wlu2P3tHWBjm1eTTDE2xlS2dkC6wOFAmcZ8QOaA1MfBy0xgIc\nkoU8yVNSEkYJ3vl9OTBr2ykCAwEAAQ==\n-----END PUBLIC KEY-----\n",
            "rsa_bits": 4096
          },
          "sensitive_attributes": [
            [
              {
                "type": "get_attr",
                "value": "private_key_openssh"
              }
            ],
            [
              {
                "type": "get_attr",
                "value": "private_key_pem"
              }
            ],
            [
              {
                "type": "get_attr",
                "value": "private_key_pem_pkcs8"
              }
            ]
          ],
          "identity_schema_version": 0
        }
      ]
    }
  ],
  "check_results": [
    {
      "object_kind": "var",
      "config_addr": "var.instance_type",
      "status": "pass",
      "objects": [
        {
          "object_addr": "var.instance_type",
          "status": "pass"
        }
      ]
    },
    {
      "object_kind": "var",
      "config_addr": "var.environment",
      "status": "pass",
      "objects": [
        {
          "object_addr": "var.environment",
          "status": "pass"
        }
      ]
    }
  ]
}
