{
  "version": 4,
  "terraform_version": "1.15.6",
  "serial": 17,
  "lineage": "2f1239f1-c7e5-ebef-99f7-fd83a18da169",
  "outputs": {
    "backend_url": {
      "value": "http://3.86.132.170:5000",
      "type": "string"
    },
    "elastic_ip": {
      "value": "3.86.132.170",
      "type": "string"
    },
    "frontend_url": {
      "value": "http://3.86.132.170",
      "type": "string"
    },
    "instance_id": {
      "value": "i-01286e116c955d8fb",
      "type": "string"
    },
    "instance_private_ip": {
      "value": "10.0.1.56",
      "type": "string"
    },
    "key_pair_name": {
      "value": "portfolio-keypair",
      "type": "string"
    },
    "private_key_path": {
      "value": "./portfolio-keypair.pem",
      "type": "string",
      "sensitive": true
    },
    "public_subnet_id": {
      "value": "subnet-09b7ef573f775fb5d",
      "type": "string"
    },
    "security_group_id": {
      "value": "sg-0043219d6f81c1965",
      "type": "string"
    },
    "ssh_command": {
      "value": "ssh -i portfolio-keypair.pem ubuntu@3.86.132.170",
      "type": "string"
    },
    "vpc_id": {
      "value": "vpc-05495ac360ba46552",
      "type": "string"
    }
  },
  "resources": [
    {
      "mode": "data",
      "type": "aws_caller_identity",
      "name": "current",
      "provider": "provider[\"registry.terraform.io/hashicorp/aws\"]",
      "instances": [
        {
          "schema_version": 0,
          "attributes": {
            "account_id": "158711196866",
            "arn": "arn:aws:iam::158711196866:user/anoor9s6",
            "id": "158711196866",
            "user_id": "AIDASJ47MVTBNZHTN2PKT"
          },
          "sensitive_attributes": [],
          "identity_schema_version": 0
        }
      ]
    },
    {
      "mode": "managed",
      "type": "aws_dynamodb_table",
      "name": "terraform_locks",
      "provider": "provider[\"registry.terraform.io/hashicorp/aws\"]",
      "instances": [
        {
          "schema_version": 1,
          "attributes": {
            "arn": "arn:aws:dynamodb:us-east-1:158711196866:table/anoors-portfolio-terraform-locks",
            "attribute": [
              {
                "name": "LockID",
                "type": "S"
              }
            ],
            "billing_mode": "PAY_PER_REQUEST",
            "deletion_protection_enabled": false,
            "global_secondary_index": [],
            "hash_key": "LockID",
            "id": "anoors-portfolio-terraform-locks",
            "import_table": [],
            "local_secondary_index": [],
            "name": "anoors-portfolio-terraform-locks",
            "on_demand_throughput": [],
            "point_in_time_recovery": [
              {
                "enabled": false,
                "recovery_period_in_days": 0
              }
            ],
            "range_key": null,
            "read_capacity": 0,
            "replica": [],
            "restore_date_time": null,
            "restore_source_name": null,
            "restore_source_table_arn": null,
            "restore_to_latest_time": null,
            "server_side_encryption": [],
            "stream_arn": "",
            "stream_enabled": false,
            "stream_label": "",
            "stream_view_type": "",
            "table_class": "STANDARD",
            "tags": {
              "Name": "anoors-portfolio-terraform-locks",
              "Purpose": "Terraform state locking"
            },
            "tags_all": {
              "Environment": "dev",
              "ManagedBy": "Terraform",
              "Name": "anoors-portfolio-terraform-locks",
              "Project": "anoors-portfolio",
              "Purpose": "Terraform state locking",
              "Scenario": "free-tier"
            },
            "timeouts": null,
            "ttl": [
              {
                "attribute_name": "",
                "enabled": false
              }
            ],
            "write_capacity": 0
          },
          "sensitive_attributes": [],
          "identity_schema_version": 0,
          "private": "eyJlMmJmYjczMC1lY2FhLTExZTYtOGY4OC0zNDM2M2JjN2M0YzAiOnsiY3JlYXRlIjoxODAwMDAwMDAwMDAwLCJkZWxldGUiOjYwMDAwMDAwMDAwMCwidXBkYXRlIjozNjAwMDAwMDAwMDAwfSwic2NoZW1hX3ZlcnNpb24iOiIxIn0="
        }
      ]
    },
    {
      "mode": "managed",
      "type": "aws_eip",
      "name": "app",
      "provider": "provider[\"registry.terraform.io/hashicorp/aws\"]",
      "instances": [
        {
          "schema_version": 0,
          "attributes": {
            "address": null,
            "allocation_id": "eipalloc-09ddfe4dd3f5c7002",
            "arn": "arn:aws:ec2:us-east-1:158711196866:elastic-ip/eipalloc-09ddfe4dd3f5c7002",
            "associate_with_private_ip": null,
            "association_id": "eipassoc-0548b88cc34bc7531",
            "carrier_ip": "",
            "customer_owned_ip": "",
            "customer_owned_ipv4_pool": "",
            "domain": "vpc",
            "id": "eipalloc-09ddfe4dd3f5c7002",
            "instance": "i-01286e116c955d8fb",
            "ipam_pool_id": null,
            "network_border_group": "us-east-1",
            "network_interface": "eni-07a3a170f2ffb24eb",
            "private_dns": "ip-10-0-1-56.ec2.internal",
            "private_ip": "10.0.1.56",
            "ptr_record": "",
            "public_dns": "ec2-3-86-132-170.compute-1.amazonaws.com",
            "public_ip": "3.86.132.170",
            "public_ipv4_pool": "amazon",
            "tags": {
              "Name": "anoors-portfolio-eip"
            },
            "tags_all": {
              "Environment": "dev",
              "ManagedBy": "Terraform",
              "Name": "anoors-portfolio-eip",
              "Project": "anoors-portfolio",
              "Scenario": "free-tier"
            },
            "timeouts": null,
            "vpc": true
          },
          "sensitive_attributes": [],
          "identity_schema_version": 0,
          "private": "eyJlMmJmYjczMC1lY2FhLTExZTYtOGY4OC0zNDM2M2JjN2M0YzAiOnsiZGVsZXRlIjoxODAwMDAwMDAwMDAsInJlYWQiOjkwMDAwMDAwMDAwMCwidXBkYXRlIjozMDAwMDAwMDAwMDB9fQ==",
          "dependencies": [
            "aws_instance.app",
            "aws_internet_gateway.main",
            "aws_key_pair.portfolio",
            "aws_security_group.app",
            "aws_subnet.public",
            "aws_vpc.main",
            "tls_private_key.portfolio"
          ]
        }
      ]
    },
    {
      "mode": "managed",
      "type": "aws_instance",
      "name": "app",
      "provider": "provider[\"registry.terraform.io/hashicorp/aws\"]",
      "instances": [
        {
          "schema_version": 1,
          "attributes": {
            "ami": "ami-0c7217cdde317cfec",
            "arn": "arn:aws:ec2:us-east-1:158711196866:instance/i-01286e116c955d8fb",
            "associate_public_ip_address": true,
            "availability_zone": "us-east-1a",
            "capacity_reservation_specification": [
              {
                "capacity_reservation_preference": "open",
                "capacity_reservation_target": []
              }
            ],
            "cpu_core_count": 1,
            "cpu_options": [
              {
                "amd_sev_snp": "",
                "core_count": 1,
                "threads_per_core": 1
              }
            ],
            "cpu_threads_per_core": 1,
            "credit_specification": [
              {
                "cpu_credits": "standard"
              }
            ],
            "disable_api_stop": false,
            "disable_api_termination": false,
            "ebs_block_device": [],
            "ebs_optimized": false,
            "enable_primary_ipv6": null,
            "enclave_options": [
              {
                "enabled": false
              }
            ],
            "ephemeral_block_device": [],
            "get_password_data": false,
            "hibernation": false,
            "host_id": "",
            "host_resource_group_arn": null,
            "iam_instance_profile": "",
            "id": "i-01286e116c955d8fb",
            "instance_initiated_shutdown_behavior": "stop",
            "instance_lifecycle": "",
            "instance_market_options": [],
            "instance_state": "running",
            "instance_type": "t2.micro",
            "ipv6_address_count": 0,
            "ipv6_addresses": [],
            "key_name": "portfolio-keypair",
            "launch_template": [],
            "maintenance_options": [
              {
                "auto_recovery": "default"
              }
            ],
            "metadata_options": [
              {
                "http_endpoint": "enabled",
                "http_protocol_ipv6": "disabled",
                "http_put_response_hop_limit": 1,
                "http_tokens": "optional",
                "instance_metadata_tags": "disabled"
              }
            ],
            "monitoring": false,
            "network_interface": [],
            "outpost_arn": "",
            "password_data": "",
            "placement_group": "",
            "placement_partition_number": 0,
            "primary_network_interface_id": "eni-07a3a170f2ffb24eb",
            "private_dns": "ip-10-0-1-56.ec2.internal",
            "private_dns_name_options": [
              {
                "enable_resource_name_dns_a_record": false,
                "enable_resource_name_dns_aaaa_record": false,
                "hostname_type": "ip-name"
              }
            ],
            "private_ip": "10.0.1.56",
            "public_dns": "ec2-44-204-101-35.compute-1.amazonaws.com",
            "public_ip": "44.204.101.35",
            "root_block_device": [
              {
                "delete_on_termination": true,
                "device_name": "/dev/sda1",
                "encrypted": true,
                "iops": 100,
                "kms_key_id": "arn:aws:kms:us-east-1:158711196866:key/38f9ecbe-37ae-4f7b-b0b7-0f81aef9f832",
                "tags": null,
                "tags_all": {
                  "Environment": "dev",
                  "ManagedBy": "Terraform",
                  "Project": "anoors-portfolio",
                  "Scenario": "free-tier"
                },
                "throughput": 0,
                "volume_id": "vol-0ab2c857a461d878d",
                "volume_size": 20,
                "volume_type": "gp2"
              }
            ],
            "secondary_private_ips": [],
            "security_groups": [],
            "source_dest_check": true,
            "spot_instance_request_id": "",
            "subnet_id": "subnet-09b7ef573f775fb5d",
            "tags": {
              "Name": "anoors-portfolio-server"
            },
            "tags_all": {
              "Environment": "dev",
              "ManagedBy": "Terraform",
              "Name": "anoors-portfolio-server",
              "Project": "anoors-portfolio",
              "Scenario": "free-tier"
            },
            "tenancy": "default",
            "timeouts": null,
            "user_data": "8f057951073f143cb071d7d6e2902c0fa33ba02f",
            "user_data_base64": null,
            "user_data_replace_on_change": true,
            "volume_tags": null,
            "vpc_security_group_ids": [
              "sg-0043219d6f81c1965"
            ]
          },
          "sensitive_attributes": [
            [
              {
                "type": "get_attr",
                "value": "user_data"
              }
            ]
          ],
          "identity_schema_version": 0,
          "private": "eyJlMmJmYjczMC1lY2FhLTExZTYtOGY4OC0zNDM2M2JjN2M0YzAiOnsiY3JlYXRlIjo2MDAwMDAwMDAwMDAsImRlbGV0ZSI6MTIwMDAwMDAwMDAwMCwicmVhZCI6OTAwMDAwMDAwMDAwLCJ1cGRhdGUiOjYwMDAwMDAwMDAwMH0sInNjaGVtYV92ZXJzaW9uIjoiMSJ9",
          "dependencies": [
            "aws_key_pair.portfolio",
            "aws_security_group.app",
            "aws_subnet.public",
            "aws_vpc.main",
            "tls_private_key.portfolio"
          ]
        }
      ]
    },
    {
      "mode": "managed",
      "type": "aws_internet_gateway",
      "name": "main",
      "provider": "provider[\"registry.terraform.io/hashicorp/aws\"]",
      "instances": [
        {
          "schema_version": 0,
          "attributes": {
            "arn": "arn:aws:ec2:us-east-1:158711196866:internet-gateway/igw-0b999be923833b147",
            "id": "igw-0b999be923833b147",
            "owner_id": "158711196866",
            "tags": {
              "Name": "anoors-portfolio-igw"
            },
            "tags_all": {
              "Environment": "dev",
              "ManagedBy": "Terraform",
              "Name": "anoors-portfolio-igw",
              "Project": "anoors-portfolio",
              "Scenario": "free-tier"
            },
            "timeouts": null,
            "vpc_id": "vpc-05495ac360ba46552"
          },
          "sensitive_attributes": [],
          "identity_schema_version": 0,
          "private": "eyJlMmJmYjczMC1lY2FhLTExZTYtOGY4OC0zNDM2M2JjN2M0YzAiOnsiY3JlYXRlIjoxMjAwMDAwMDAwMDAwLCJkZWxldGUiOjEyMDAwMDAwMDAwMDAsInVwZGF0ZSI6MTIwMDAwMDAwMDAwMH19",
          "dependencies": [
            "aws_vpc.main"
          ]
        }
      ]
    },
    {
      "mode": "managed",
      "type": "aws_key_pair",
      "name": "portfolio",
      "provider": "provider[\"registry.terraform.io/hashicorp/aws\"]",
      "instances": [
        {
          "schema_version": 1,
          "attributes": {
            "arn": "arn:aws:ec2:us-east-1:158711196866:key-pair/portfolio-keypair",
            "fingerprint": "d9:af:33:db:5f:52:a8:39:6a:16:2d:74:5d:ec:2a:57",
            "id": "portfolio-keypair",
            "key_name": "portfolio-keypair",
            "key_name_prefix": "",
            "key_pair_id": "key-03537c038e9b4bce2",
            "key_type": "rsa",
            "public_key": "ssh-rsa AAAAB3NzaC1yc2EAAAADAQABAAACAQCwAKahUjRbMAAPkIJrto3qD83Y5uaknWVan/G5W2phJ9jIcz0fHP0NEBeP0bFvO5X+MbCI8ze9capfIFLonlgDAzcmOoNvA75c32Pu3wSBeUEZWsi9Ixcs0uoRDIJU36fZZ3+z1sa3EIAFrJMpEZRNlc/AQUDnjsIdR/X0AKKL7CA/JNCniGTqDTeqOiNZl1vx0b8RSgk8nAy2ArgUMFPhBxggytDH41f6eWrgE3UNzS+fGETBXe2EzScIyLD5u7w7n7fEHVvJVrlsoGYeNJaZ98Za+RExbBsdMbO5JtOB5WIjDQxsF6/M3sUhoStk4tuztb7LoAQ31FDfl2FSIw4+jezj7K7dD5pzcHFqnDVQOSX/DD5ugnTXlHIuKNZ98wIvjJ/DH3ekFJPqB85SSpXSl+fFOYlq1YHwZPhMOA9EA6cR8ihCZcHLfaNmBFYbol0pjKlwNP23UsypkPLa12MYbPMDZNnmGK3aa7rhJTbWW3TO31OV0em82coPo/OwEgn1T00FO5C/hH7LxP5U3cHK46UF6DIBwXJpxt9JlI6agK3slrmXftosDFRqCdum0JOIe5C89PDue7pD4y4WDKyNB3g+jxH+JAoYRjb8QqFORb0ScZG09CRkngP437e9S0ScgcSSXkib68YRJzcMIGd0Qfi+McHtC7AAhr+L0ZenqQ==",
            "tags": {
              "Name": "anoors-portfolio-keypair"
            },
            "tags_all": {
              "Environment": "dev",
              "ManagedBy": "Terraform",
              "Name": "anoors-portfolio-keypair",
              "Project": "anoors-portfolio",
              "Scenario": "free-tier"
            }
          },
          "sensitive_attributes": [],
          "identity_schema_version": 0,
          "private": "eyJzY2hlbWFfdmVyc2lvbiI6IjEifQ==",
          "dependencies": [
            "tls_private_key.portfolio"
          ]
        }
      ]
    },
    {
      "mode": "managed",
      "type": "aws_route_table",
      "name": "public",
      "provider": "provider[\"registry.terraform.io/hashicorp/aws\"]",
      "instances": [
        {
          "schema_version": 0,
          "attributes": {
            "arn": "arn:aws:ec2:us-east-1:158711196866:route-table/rtb-0b060c5b9e4f58718",
            "id": "rtb-0b060c5b9e4f58718",
            "owner_id": "158711196866",
            "propagating_vgws": [],
            "route": [
              {
                "carrier_gateway_id": "",
                "cidr_block": "0.0.0.0/0",
                "core_network_arn": "",
                "destination_prefix_list_id": "",
                "egress_only_gateway_id": "",
                "gateway_id": "igw-0b999be923833b147",
                "ipv6_cidr_block": "",
                "local_gateway_id": "",
                "nat_gateway_id": "",
                "network_interface_id": "",
                "transit_gateway_id": "",
                "vpc_endpoint_id": "",
                "vpc_peering_connection_id": ""
              }
            ],
            "tags": {
              "Name": "anoors-portfolio-public-rt"
            },
            "tags_all": {
              "Environment": "dev",
              "ManagedBy": "Terraform",
              "Name": "anoors-portfolio-public-rt",
              "Project": "anoors-portfolio",
              "Scenario": "free-tier"
            },
            "timeouts": null,
            "vpc_id": "vpc-05495ac360ba46552"
          },
          "sensitive_attributes": [],
          "identity_schema_version": 0,
          "private": "eyJlMmJmYjczMC1lY2FhLTExZTYtOGY4OC0zNDM2M2JjN2M0YzAiOnsiY3JlYXRlIjozMDAwMDAwMDAwMDAsImRlbGV0ZSI6MzAwMDAwMDAwMDAwLCJ1cGRhdGUiOjEyMDAwMDAwMDAwMH19",
          "dependencies": [
            "aws_internet_gateway.main",
            "aws_vpc.main"
          ]
        }
      ]
    },
    {
      "mode": "managed",
      "type": "aws_route_table_association",
      "name": "public",
      "provider": "provider[\"registry.terraform.io/hashicorp/aws\"]",
      "instances": [
        {
          "schema_version": 0,
          "attributes": {
            "gateway_id": "",
            "id": "rtbassoc-01f998924e2ec06a8",
            "route_table_id": "rtb-0b060c5b9e4f58718",
            "subnet_id": "subnet-09b7ef573f775fb5d",
            "timeouts": null
          },
          "sensitive_attributes": [],
          "identity_schema_version": 0,
          "private": "eyJlMmJmYjczMC1lY2FhLTExZTYtOGY4OC0zNDM2M2JjN2M0YzAiOnsiY3JlYXRlIjozMDAwMDAwMDAwMDAsImRlbGV0ZSI6MzAwMDAwMDAwMDAwLCJ1cGRhdGUiOjEyMDAwMDAwMDAwMH19",
          "dependencies": [
            "aws_internet_gateway.main",
            "aws_route_table.public",
            "aws_subnet.public",
            "aws_vpc.main"
          ]
        }
      ]
    },
    {
      "mode": "managed",
      "type": "aws_s3_bucket",
      "name": "terraform_state",
      "provider": "provider[\"registry.terraform.io/hashicorp/aws\"]",
      "instances": [
        {
          "schema_version": 0,
          "attributes": {
            "acceleration_status": "",
            "acl": null,
            "arn": "arn:aws:s3:::anoors-portfolio-tfstate-158711196866",
            "bucket": "anoors-portfolio-tfstate-158711196866",
            "bucket_domain_name": "anoors-portfolio-tfstate-158711196866.s3.amazonaws.com",
            "bucket_prefix": "",
            "bucket_regional_domain_name": "anoors-portfolio-tfstate-158711196866.s3.us-east-1.amazonaws.com",
            "cors_rule": [],
            "force_destroy": false,
            "grant": [
              {
                "id": "3996eae4f530b1c5c442d4ab972e969a6e6eebd640f47871f2f9ec076843f64b",
                "permissions": [
                  "FULL_CONTROL"
                ],
                "type": "CanonicalUser",
                "uri": ""
              }
            ],
            "hosted_zone_id": "Z3AQBSTGFYJSTF",
            "id": "anoors-portfolio-tfstate-158711196866",
            "lifecycle_rule": [],
            "logging": [],
            "object_lock_configuration": [],
            "object_lock_enabled": false,
            "policy": "",
            "region": "us-east-1",
            "replication_configuration": [],
            "request_payer": "BucketOwner",
            "server_side_encryption_configuration": [
              {
                "rule": [
                  {
                    "apply_server_side_encryption_by_default": [
                      {
                        "kms_master_key_id": "",
                        "sse_algorithm": "AES256"
                      }
                    ],
                    "bucket_key_enabled": false
                  }
                ]
              }
            ],
            "tags": {
              "Name": "anoors-portfolio-tfstate",
              "Purpose": "Terraform remote state"
            },
            "tags_all": {
              "Environment": "dev",
              "ManagedBy": "Terraform",
              "Name": "anoors-portfolio-tfstate",
              "Project": "anoors-portfolio",
              "Purpose": "Terraform remote state",
              "Scenario": "free-tier"
            },
            "timeouts": null,
            "versioning": [
              {
                "enabled": false,
                "mfa_delete": false
              }
            ],
            "website": [],
            "website_domain": null,
            "website_endpoint": null
          },
          "sensitive_attributes": [],
          "identity_schema_version": 0,
          "private": "eyJlMmJmYjczMC1lY2FhLTExZTYtOGY4OC0zNDM2M2JjN2M0YzAiOnsiY3JlYXRlIjoxMjAwMDAwMDAwMDAwLCJkZWxldGUiOjM2MDAwMDAwMDAwMDAsInJlYWQiOjEyMDAwMDAwMDAwMDAsInVwZGF0ZSI6MTIwMDAwMDAwMDAwMH19",
          "dependencies": [
            "data.aws_caller_identity.current"
          ]
        }
      ]
    },
    {
      "mode": "managed",
      "type": "aws_s3_bucket_public_access_block",
      "name": "terraform_state",
      "provider": "provider[\"registry.terraform.io/hashicorp/aws\"]",
      "instances": [
        {
          "schema_version": 0,
          "attributes": {
            "block_public_acls": true,
            "block_public_policy": true,
            "bucket": "anoors-portfolio-tfstate-158711196866",
            "id": "anoors-portfolio-tfstate-158711196866",
            "ignore_public_acls": true,
            "restrict_public_buckets": true
          },
          "sensitive_attributes": [],
          "identity_schema_version": 0,
          "private": "bnVsbA==",
          "dependencies": [
            "aws_s3_bucket.terraform_state",
            "data.aws_caller_identity.current"
          ]
        }
      ]
    },
    {
      "mode": "managed",
      "type": "aws_s3_bucket_server_side_encryption_configuration",
      "name": "terraform_state",
      "provider": "provider[\"registry.terraform.io/hashicorp/aws\"]",
      "instances": [
        {
          "schema_version": 0,
          "attributes": {
            "bucket": "anoors-portfolio-tfstate-158711196866",
            "expected_bucket_owner": "",
            "id": "anoors-portfolio-tfstate-158711196866",
            "rule": [
              {
                "apply_server_side_encryption_by_default": [
                  {
                    "kms_master_key_id": "",
                    "sse_algorithm": "AES256"
                  }
                ],
                "bucket_key_enabled": null
              }
            ]
          },
          "sensitive_attributes": [],
          "identity_schema_version": 0,
          "private": "bnVsbA==",
          "dependencies": [
            "aws_s3_bucket.terraform_state",
            "data.aws_caller_identity.current"
          ]
        }
      ]
    },
    {
      "mode": "managed",
      "type": "aws_s3_bucket_versioning",
      "name": "terraform_state",
      "provider": "provider[\"registry.terraform.io/hashicorp/aws\"]",
      "instances": [
        {
          "schema_version": 0,
          "attributes": {
            "bucket": "anoors-portfolio-tfstate-158711196866",
            "expected_bucket_owner": "",
            "id": "anoors-portfolio-tfstate-158711196866",
            "mfa": null,
            "versioning_configuration": [
              {
                "mfa_delete": "",
                "status": "Enabled"
              }
            ]
          },
          "sensitive_attributes": [],
          "identity_schema_version": 0,
          "private": "bnVsbA==",
          "dependencies": [
            "aws_s3_bucket.terraform_state",
            "data.aws_caller_identity.current"
          ]
        }
      ]
    },
    {
      "mode": "managed",
      "type": "aws_security_group",
      "name": "app",
      "provider": "provider[\"registry.terraform.io/hashicorp/aws\"]",
      "instances": [
        {
          "schema_version": 1,
          "attributes": {
            "arn": "arn:aws:ec2:us-east-1:158711196866:security-group/sg-0043219d6f81c1965",
            "description": "Security Group pour le serveur portfolio",
            "egress": [
              {
                "cidr_blocks": [
                  "0.0.0.0/0"
                ],
                "description": "All outbound",
                "from_port": 0,
                "ipv6_cidr_blocks": [],
                "prefix_list_ids": [],
                "protocol": "-1",
                "security_groups": [],
                "self": false,
                "to_port": 0
              }
            ],
            "id": "sg-0043219d6f81c1965",
            "ingress": [
              {
                "cidr_blocks": [
                  "0.0.0.0/0"
                ],
                "description": "Backend API",
                "from_port": 5000,
                "ipv6_cidr_blocks": [],
                "prefix_list_ids": [],
                "protocol": "tcp",
                "security_groups": [],
                "self": false,
                "to_port": 5000
              },
              {
                "cidr_blocks": [
                  "0.0.0.0/0"
                ],
                "description": "HTTP Frontend",
                "from_port": 80,
                "ipv6_cidr_blocks": [],
                "prefix_list_ids": [],
                "protocol": "tcp",
                "security_groups": [],
                "self": false,
                "to_port": 80
              },
              {
                "cidr_blocks": [
                  "0.0.0.0/0"
                ],
                "description": "HTTPS",
                "from_port": 443,
                "ipv6_cidr_blocks": [],
                "prefix_list_ids": [],
                "protocol": "tcp",
                "security_groups": [],
                "self": false,
                "to_port": 443
              },
              {
                "cidr_blocks": [
                  "0.0.0.0/0"
                ],
                "description": "SSH",
                "from_port": 22,
                "ipv6_cidr_blocks": [],
                "prefix_list_ids": [],
                "protocol": "tcp",
                "security_groups": [],
                "self": false,
                "to_port": 22
              }
            ],
            "name": "anoors-portfolio-sg",
            "name_prefix": "",
            "owner_id": "158711196866",
            "revoke_rules_on_delete": false,
            "tags": {
              "Name": "anoors-portfolio-sg"
            },
            "tags_all": {
              "Environment": "dev",
              "ManagedBy": "Terraform",
              "Name": "anoors-portfolio-sg",
              "Project": "anoors-portfolio",
              "Scenario": "free-tier"
            },
            "timeouts": null,
            "vpc_id": "vpc-05495ac360ba46552"
          },
          "sensitive_attributes": [],
          "identity_schema_version": 0,
          "private": "eyJlMmJmYjczMC1lY2FhLTExZTYtOGY4OC0zNDM2M2JjN2M0YzAiOnsiY3JlYXRlIjo2MDAwMDAwMDAwMDAsImRlbGV0ZSI6OTAwMDAwMDAwMDAwfSwic2NoZW1hX3ZlcnNpb24iOiIxIn0=",
          "dependencies": [
            "aws_vpc.main"
          ]
        }
      ]
    },
    {
      "mode": "managed",
      "type": "aws_subnet",
      "name": "public",
      "provider": "provider[\"registry.terraform.io/hashicorp/aws\"]",
      "instances": [
        {
          "schema_version": 1,
          "attributes": {
            "arn": "arn:aws:ec2:us-east-1:158711196866:subnet/subnet-09b7ef573f775fb5d",
            "assign_ipv6_address_on_creation": false,
            "availability_zone": "us-east-1a",
            "availability_zone_id": "use1-az1",
            "cidr_block": "10.0.1.0/24",
            "customer_owned_ipv4_pool": "",
            "enable_dns64": false,
            "enable_lni_at_device_index": 0,
            "enable_resource_name_dns_a_record_on_launch": false,
            "enable_resource_name_dns_aaaa_record_on_launch": false,
            "id": "subnet-09b7ef573f775fb5d",
            "ipv6_cidr_block": "",
            "ipv6_cidr_block_association_id": "",
            "ipv6_native": false,
            "map_customer_owned_ip_on_launch": false,
            "map_public_ip_on_launch": true,
            "outpost_arn": "",
            "owner_id": "158711196866",
            "private_dns_hostname_type_on_launch": "ip-name",
            "tags": {
              "Name": "anoors-portfolio-public-subnet"
            },
            "tags_all": {
              "Environment": "dev",
              "ManagedBy": "Terraform",
              "Name": "anoors-portfolio-public-subnet",
              "Project": "anoors-portfolio",
              "Scenario": "free-tier"
            },
            "timeouts": null,
            "vpc_id": "vpc-05495ac360ba46552"
          },
          "sensitive_attributes": [],
          "identity_schema_version": 0,
          "private": "eyJlMmJmYjczMC1lY2FhLTExZTYtOGY4OC0zNDM2M2JjN2M0YzAiOnsiY3JlYXRlIjo2MDAwMDAwMDAwMDAsImRlbGV0ZSI6MTIwMDAwMDAwMDAwMH0sInNjaGVtYV92ZXJzaW9uIjoiMSJ9",
          "dependencies": [
            "aws_vpc.main"
          ]
        }
      ]
    },
    {
      "mode": "managed",
      "type": "aws_vpc",
      "name": "main",
      "provider": "provider[\"registry.terraform.io/hashicorp/aws\"]",
      "instances": [
        {
          "schema_version": 1,
          "attributes": {
            "arn": "arn:aws:ec2:us-east-1:158711196866:vpc/vpc-05495ac360ba46552",
            "assign_generated_ipv6_cidr_block": false,
            "cidr_block": "10.0.0.0/16",
            "default_network_acl_id": "acl-0f77540d506123e1b",
            "default_route_table_id": "rtb-0bdde2d64b98cbcb8",
            "default_security_group_id": "sg-0cd44813c17427417",
            "dhcp_options_id": "dopt-0de956a938be36c8b",
            "enable_dns_hostnames": true,
            "enable_dns_support": true,
            "enable_network_address_usage_metrics": false,
            "id": "vpc-05495ac360ba46552",
            "instance_tenancy": "default",
            "ipv4_ipam_pool_id": null,
            "ipv4_netmask_length": null,
            "ipv6_association_id": "",
            "ipv6_cidr_block": "",
            "ipv6_cidr_block_network_border_group": "",
            "ipv6_ipam_pool_id": "",
            "ipv6_netmask_length": 0,
            "main_route_table_id": "rtb-0bdde2d64b98cbcb8",
            "owner_id": "158711196866",
            "tags": {
              "Name": "anoors-portfolio-vpc"
            },
            "tags_all": {
              "Environment": "dev",
              "ManagedBy": "Terraform",
              "Name": "anoors-portfolio-vpc",
              "Project": "anoors-portfolio",
              "Scenario": "free-tier"
            }
          },
          "sensitive_attributes": [],
          "identity_schema_version": 0,
          "private": "eyJzY2hlbWFfdmVyc2lvbiI6IjEifQ=="
        }
      ]
    },
    {
      "mode": "managed",
      "type": "local_file",
      "name": "private_key",
      "provider": "provider[\"registry.terraform.io/hashicorp/local\"]",
      "instances": [
        {
          "schema_version": 0,
          "attributes": {
            "content": "-----BEGIN RSA PRIVATE KEY-----\nMIIJKQIBAAKCAgEAsACmoVI0WzAAD5CCa7aN6g/N2ObmpJ1lWp/xuVtqYSfYyHM9\nHxz9DRAXj9GxbzuV/jGwiPM3vXGqXyBS6J5YAwM3JjqDbwO+XN9j7t8EgXlBGVrI\nvSMXLNLqEQyCVN+n2Wd/s9bGtxCABayTKRGUTZXPwEFA547CHUf19ACii+wgPyTQ\np4hk6g03qjojWZdb8dG/EUoJPJwMtgK4FDBT4QcYIMrQx+NX+nlq4BN1Dc0vnxhE\nwV3thM0nCMiw+bu8O5+3xB1byVa5bKBmHjSWmffGWvkRMWwbHTGzuSbTgeViIw0M\nbBevzN7FIaErZOLbs7W+y6AEN9RQ35dhUiMOPo3s4+yu3Q+ac3Bxapw1UDkl/ww+\nboJ015RyLijWffMCL4yfwx93pBST6gfOUkqV0pfnxTmJatWB8GT4TDgPRAOnEfIo\nQmXBy32jZgRWG6JdKYypcDT9t1LMqZDy2tdjGGzzA2TZ5hit2mu64SU21lt0zt9T\nldHpvNnKD6PzsBIJ9U9NBTuQv4R+y8T+VN3ByuOlBegyAcFyacbfSZSOmoCt7Ja5\nl37aLAxUagnbptCTiHuQvPTw7nu6Q+MuFgysjQd4Po8R/iQKGEY2/EKhTkW9EnGR\ntPQkZJ4D+N+3vUtEnIHEkl5Im+vGESc3DCBndEH4vjHB7QuwAIa/i9GXp6kCAwEA\nAQKCAgARRm0UkEGmkihtXqsoeKWHC/hR0f8hOPg77A9RONtxEBTPfv0otsMRQ0s2\nwPesIfJ73eN0m7/UusmE1wLARZuApzIEcPGZ5cmLattPlMkHzs+glhg2NVGm4whZ\ntks8GqxKUuX2UE5WpVpVhD35BdpTP7FBrv34hHsB3gByi9XoizuSixHmYcU68mNs\ndFKoLmq2Sna5MxXDQtNeEZgBFknDYHuCK3oQ5pwJ8B05A3vlqAZEtMB55Nblhi/u\nxSkWyBImnYuPZqzNzzL5yigfzpxaHjd0UjZZbiGerNRVx+1ydmH6rAMUQIJvRs3d\nWkkMuNYk9mG08Z68Xpz2B1Eke1+gQzhD2QyRNDvTdTgaBFMKnNYcxcMiTE1pxHeu\nFMoQ937w/WKJP80zPWqXgCOSitFBWtOnMNs7RVZawtOTIMEb1EsVGZlwCR1SyCn3\nrDDkbtQZRU3mNRnbqLaYXd//acmxtvG+NkXbgVp+9k7NMvLoBTDVmkBSYawfQstn\ne09k0IvXbQ+XcTOuDq+SoqqqFOHi2GaVm8jEgccDDoFrEZvoPAPuu4iReKfZp+T6\n+s8EXinzdjfJKqCjFz6i8mh7jOJLoB3ymcLaSAZVwqDTEZBzW2LQEDcIIQUIcCtI\nzreqJuCmGbexgJT5m8xaTiD5zUbcs3laYUfnn0Z/rhyGJvtlcQKCAQEA4J3FGU+f\n440+sp/twNkzi8V3IpObLsOfXtCi3EJfwa4f0W0KeQ6NhJsyDUt/2LwpGagPH3Xs\nPFoCk65q7NKFMvPBU/gcZM6i9IZGtOrwp/JQPwjt90Fu6H+wUe7BmjdW90fGnX68\n8DJZSgZoE1s7YJFFjbTv2kko1e54lSnJtT4JNFFquXX9JF0Ua0YCspK6zx41J85N\nc6P7G+J9xy9xeulhH5jDV0mrgB66riQ7x48/YQKGdPtf0CSTZuuEZ1CjRmDz8U4u\nLDgd5a6n8G9do2dM6aIn/PAHwWwwFzYOMV4R9N5NSip+KHTpzi2tJIFPUBOgDdrx\n6CLt+wc34C8OkQKCAQEAyJgH8drjdRaLthmrmf7lDPsQVRVdb3jiStCtSsWa/TFb\n4o50C9cpDa/7lvSidrarKAm8XA2Mu8O4irhLRT+T3PTdcp+nlgfP7D5TGEwJYCrc\nbmDT8dRt69NCyFEHpvUVlI2bcg2cJ0sfmMHt1ui8FRiVkWXK9sQ5YWOuJsbAO/e5\noGq7X7rZC5o2z6beuGe9YqBVwPdrbwBcAydvjm77GYfDw8P6E8hOIohwLH4J3kls\nT/+I6w0X9crXPbTsMxzTB1M1E+UC7ZzT3CJSTkjESqzUcFttThNCGFWfXUJoIuC0\n8xjGCkifONq5KQUnwWK+uj8a13m4y3wzQnXXXihDmQKCAQAm/FtMdFyNE2Pxfv62\nPTzMIr712mbR7BRKUa4iysZyCHXvVJy/vD3l6UX7tsH+7VG46UmOrVoOc5UE6v4W\nEsgZuuMwXt0WxiLUjEXTev/ANrek6TjcdJf6dMc2wVkLGlXW37dieK/0hNiol4oS\n6f/ZV/2ZhfEnkxEqaJS3VyRyd80DLqp2fDsux5UWtXUcZ4lTD6wsN4uL6cdY5Kvu\nGZb5vW4lHM+y48+Hkk3WkeVqUruua9DIlyTfLKoE8BXwFLfyLDvLA0XSWP8fcXwm\nqD25ceGQn5uPNF40PUHvlWtLOEenl7oUiGGTRg+awKTPtD3+6RkbrofUQdPKgUs6\ndxBxAoIBAQCGlEFYSTOrfanUTZqsoa+IqvSFMOVUAXVJHoH1FWhrkG8GK+69dugr\nL7OKzqwlG17vaMC/vbN60dAA+a4+Um5gosPjwCuOY8ViyVm0hmcP5xGm2D26FHx+\n6Gj4vix1Hh8RYIQ229y1HBihwxJPyitNuAW42+N09adNqLPRfizAzu3yK0l064Xs\n29UEMf9hFvCft9Rwt06T1VjmINIebGT49vYnZFdmaE/LqWAg6ZqzUO1jKpzwngNC\nO4l28+g4TpFia7fDljUFt98H5Nr1fKp9M0D/9Mb7x73jV6aoygHVzI56Ple31ItG\neLAbTkMi4p31lJrsj9SkaLp3T1pj6H2ZAoIBAQCoEiTlK5k6g1vJZHkxhzFWfnjW\nJB1TbkDGgltPpunao6FFbNtbBKBRoykpq4jX6Ya1eWM5Xv3J+n/08LWf1C8l/gMN\nSgpn2ZmCbKzd+NTp2MFriQee4F1XAWAcWqpkDSNF/kYEVD/BUIXULnRfAktG2PQ2\nglcJLhj2+iNK1ixEhJthcmJ7NsbCXLsBics2+H+IYNXiNrZV+9PmvG46K10qs784\nebEa1CkDm+neUpkuSj8qGJJbqS8ZbG+R0WMkeoDPrwJTIqjh1F6wPhfdxn1SvjSS\npXRWFULsgVX4kj3cNxMRRUfRKS8jUfH4Eqxhk3hA/H5dM+31y/5/dIiXs0SC\n-----END RSA PRIVATE KEY-----\n",
            "content_base64": null,
            "content_base64sha256": "ZHp9JDLFqB4qA3V+eN0CLP2caKH/L62SMHYFdFZ6KDc=",
            "content_base64sha512": "FVV65T/ExXtls5h5HNrTQe4CkAsh9GT6zyUfp2vIAIIXastYpVaQLHZWO4o49zMG5Auzmb+FF2BagG2Ab4V6aA==",
            "content_md5": "03392dc6671f048e52aec382788aaa1b",
            "content_sha1": "3f398e9f6315c9c94f9253dcddfa301d8255eebe",
            "content_sha256": "647a7d2432c5a81e2a03757e78dd022cfd9c68a1ff2fad9230760574567a2837",
            "content_sha512": "15557ae53fc4c57b65b398791cdad341ee02900b21f464facf251fa76bc80082176acb58a556902c76563b8a38f73306e40bb399bf8517605a806d806f857a68",
            "directory_permission": "0777",
            "file_permission": "0400",
            "filename": "./portfolio-keypair.pem",
            "id": "3f398e9f6315c9c94f9253dcddfa301d8255eebe",
            "sensitive_content": null,
            "source": null
          },
          "sensitive_attributes": [
            [
              {
                "type": "get_attr",
                "value": "content"
              }
            ],
            [
              {
                "type": "get_attr",
                "value": "sensitive_content"
              }
            ]
          ],
          "identity_schema_version": 0,
          "dependencies": [
            "tls_private_key.portfolio"
          ]
        }
      ]
    },
    {
      "mode": "managed",
      "type": "tls_private_key",
      "name": "portfolio",
      "provider": "provider[\"registry.terraform.io/hashicorp/tls\"]",
      "instances": [
        {
          "schema_version": 1,
          "attributes": {
            "algorithm": "RSA",
            "ecdsa_curve": "P224",
            "id": "8bbc34a06e3f7cc6a433ec248fdaa624782d909e",
            "private_key_openssh": "-----BEGIN OPENSSH PRIVATE KEY-----\nb3BlbnNzaC1rZXktdjEAAAAABG5vbmUAAAAEbm9uZQAAAAAAAAABAAACFwAAAAdz\nc2gtcnNhAAAAAwEAAQAAAgEAsACmoVI0WzAAD5CCa7aN6g/N2ObmpJ1lWp/xuVtq\nYSfYyHM9Hxz9DRAXj9GxbzuV/jGwiPM3vXGqXyBS6J5YAwM3JjqDbwO+XN9j7t8E\ngXlBGVrIvSMXLNLqEQyCVN+n2Wd/s9bGtxCABayTKRGUTZXPwEFA547CHUf19ACi\ni+wgPyTQp4hk6g03qjojWZdb8dG/EUoJPJwMtgK4FDBT4QcYIMrQx+NX+nlq4BN1\nDc0vnxhEwV3thM0nCMiw+bu8O5+3xB1byVa5bKBmHjSWmffGWvkRMWwbHTGzuSbT\ngeViIw0MbBevzN7FIaErZOLbs7W+y6AEN9RQ35dhUiMOPo3s4+yu3Q+ac3Bxapw1\nUDkl/ww+boJ015RyLijWffMCL4yfwx93pBST6gfOUkqV0pfnxTmJatWB8GT4TDgP\nRAOnEfIoQmXBy32jZgRWG6JdKYypcDT9t1LMqZDy2tdjGGzzA2TZ5hit2mu64SU2\n1lt0zt9TldHpvNnKD6PzsBIJ9U9NBTuQv4R+y8T+VN3ByuOlBegyAcFyacbfSZSO\nmoCt7Ja5l37aLAxUagnbptCTiHuQvPTw7nu6Q+MuFgysjQd4Po8R/iQKGEY2/EKh\nTkW9EnGRtPQkZJ4D+N+3vUtEnIHEkl5Im+vGESc3DCBndEH4vjHB7QuwAIa/i9GX\np6kAAAc4IEtFoSBLRaEAAAAHc3NoLXJzYQAAAgEAsACmoVI0WzAAD5CCa7aN6g/N\n2ObmpJ1lWp/xuVtqYSfYyHM9Hxz9DRAXj9GxbzuV/jGwiPM3vXGqXyBS6J5YAwM3\nJjqDbwO+XN9j7t8EgXlBGVrIvSMXLNLqEQyCVN+n2Wd/s9bGtxCABayTKRGUTZXP\nwEFA547CHUf19ACii+wgPyTQp4hk6g03qjojWZdb8dG/EUoJPJwMtgK4FDBT4QcY\nIMrQx+NX+nlq4BN1Dc0vnxhEwV3thM0nCMiw+bu8O5+3xB1byVa5bKBmHjSWmffG\nWvkRMWwbHTGzuSbTgeViIw0MbBevzN7FIaErZOLbs7W+y6AEN9RQ35dhUiMOPo3s\n4+yu3Q+ac3Bxapw1UDkl/ww+boJ015RyLijWffMCL4yfwx93pBST6gfOUkqV0pfn\nxTmJatWB8GT4TDgPRAOnEfIoQmXBy32jZgRWG6JdKYypcDT9t1LMqZDy2tdjGGzz\nA2TZ5hit2mu64SU21lt0zt9TldHpvNnKD6PzsBIJ9U9NBTuQv4R+y8T+VN3ByuOl\nBegyAcFyacbfSZSOmoCt7Ja5l37aLAxUagnbptCTiHuQvPTw7nu6Q+MuFgysjQd4\nPo8R/iQKGEY2/EKhTkW9EnGRtPQkZJ4D+N+3vUtEnIHEkl5Im+vGESc3DCBndEH4\nvjHB7QuwAIa/i9GXp6kAAAADAQABAAACABFGbRSQQaaSKG1eqyh4pYcL+FHR/yE4\n+DvsD1E423EQFM9+/Si2wxFDSzbA96wh8nvd43Sbv9S6yYTXAsBFm4CnMgRw8Znl\nyYtq20+UyQfOz6CWGDY1UabjCFm2SzwarEpS5fZQTlalWlWEPfkF2lM/sUGu/fiE\newHeAHKL1eiLO5KLEeZhxTryY2x0UqguarZKdrkzFcNC014RmAEWScNge4IrehDm\nnAnwHTkDe+WoBkS0wHnk1uWGL+7FKRbIEiadi49mrM3PMvnKKB/OnFoeN3RSNllu\nIZ6s1FXH7XJ2YfqsAxRAgm9Gzd1aSQy41iT2YbTxnrxenPYHUSR7X6BDOEPZDJE0\nO9N1OBoEUwqc1hzFwyJMTWnEd64UyhD3fvD9Yok/zTM9apeAI5KK0UFa06cw2ztF\nVlrC05MgwRvUSxUZmXAJHVLIKfesMORu1BlFTeY1Gduotphd3/9pybG28b42RduB\nWn72Ts0y8ugFMNWaQFJhrB9Cy2d7T2TQi9dtD5dxM64Or5KiqqoU4eLYZpWbyMSB\nxwMOgWsRm+g8A+67iJF4p9mn5Pr6zwReKfN2N8kqoKMXPqLyaHuM4kugHfKZwtpI\nBlXCoNMRkHNbYtAQNwghBQhwK0jOt6om4KYZt7GAlPmbzFpOIPnNRtyzeVphR+ef\nRn+uHIYm+2VxAAABAQCoEiTlK5k6g1vJZHkxhzFWfnjWJB1TbkDGgltPpunao6FF\nbNtbBKBRoykpq4jX6Ya1eWM5Xv3J+n/08LWf1C8l/gMNSgpn2ZmCbKzd+NTp2MFr\niQee4F1XAWAcWqpkDSNF/kYEVD/BUIXULnRfAktG2PQ2glcJLhj2+iNK1ixEhJth\ncmJ7NsbCXLsBics2+H+IYNXiNrZV+9PmvG46K10qs784ebEa1CkDm+neUpkuSj8q\nGJJbqS8ZbG+R0WMkeoDPrwJTIqjh1F6wPhfdxn1SvjSSpXRWFULsgVX4kj3cNxMR\nRUfRKS8jUfH4Eqxhk3hA/H5dM+31y/5/dIiXs0SCAAABAQDgncUZT5/jjT6yn+3A\n2TOLxXcik5suw59e0KLcQl/Brh/RbQp5Do2EmzINS3/YvCkZqA8fdew8WgKTrmrs\n0oUy88FT+BxkzqL0hka06vCn8lA/CO33QW7of7BR7sGaN1b3R8adfrzwMllKBmgT\nWztgkUWNtO/aSSjV7niVKcm1Pgk0UWq5df0kXRRrRgKykrrPHjUnzk1zo/sb4n3H\nL3F66WEfmMNXSauAHrquJDvHjz9hAoZ0+1/QJJNm64RnUKNGYPPxTi4sOB3lrqfw\nb12jZ0zpoif88AfBbDAXNg4xXhH03k1KKn4odOnOLa0kgU9QE6AN2vHoIu37Bzfg\nLw6RAAABAQDImAfx2uN1Fou2GauZ/uUM+xBVFV1veOJK0K1KxZr9MVvijnQL1ykN\nr/uW9KJ2tqsoCbxcDYy7w7iKuEtFP5Pc9N1yn6eWB8/sPlMYTAlgKtxuYNPx1G3r\n00LIUQem9RWUjZtyDZwnSx+Ywe3W6LwVGJWRZcr2xDlhY64mxsA797mgartfutkL\nmjbPpt64Z71ioFXA92tvAFwDJ2+ObvsZh8PDw/oTyE4iiHAsfgneSWxP/4jrDRf1\nytc9tOwzHNMHUzUT5QLtnNPcIlJOSMRKrNRwW21OE0IYVZ9dQmgi4LTzGMYKSJ84\n2rkpBSfBYr66PxrXebjLfDNCdddeKEOZAAAAAAEC\n-----END OPENSSH PRIVATE KEY-----\n",
            "private_key_pem": "-----BEGIN RSA PRIVATE KEY-----\nMIIJKQIBAAKCAgEAsACmoVI0WzAAD5CCa7aN6g/N2ObmpJ1lWp/xuVtqYSfYyHM9\nHxz9DRAXj9GxbzuV/jGwiPM3vXGqXyBS6J5YAwM3JjqDbwO+XN9j7t8EgXlBGVrI\nvSMXLNLqEQyCVN+n2Wd/s9bGtxCABayTKRGUTZXPwEFA547CHUf19ACii+wgPyTQ\np4hk6g03qjojWZdb8dG/EUoJPJwMtgK4FDBT4QcYIMrQx+NX+nlq4BN1Dc0vnxhE\nwV3thM0nCMiw+bu8O5+3xB1byVa5bKBmHjSWmffGWvkRMWwbHTGzuSbTgeViIw0M\nbBevzN7FIaErZOLbs7W+y6AEN9RQ35dhUiMOPo3s4+yu3Q+ac3Bxapw1UDkl/ww+\nboJ015RyLijWffMCL4yfwx93pBST6gfOUkqV0pfnxTmJatWB8GT4TDgPRAOnEfIo\nQmXBy32jZgRWG6JdKYypcDT9t1LMqZDy2tdjGGzzA2TZ5hit2mu64SU21lt0zt9T\nldHpvNnKD6PzsBIJ9U9NBTuQv4R+y8T+VN3ByuOlBegyAcFyacbfSZSOmoCt7Ja5\nl37aLAxUagnbptCTiHuQvPTw7nu6Q+MuFgysjQd4Po8R/iQKGEY2/EKhTkW9EnGR\ntPQkZJ4D+N+3vUtEnIHEkl5Im+vGESc3DCBndEH4vjHB7QuwAIa/i9GXp6kCAwEA\nAQKCAgARRm0UkEGmkihtXqsoeKWHC/hR0f8hOPg77A9RONtxEBTPfv0otsMRQ0s2\nwPesIfJ73eN0m7/UusmE1wLARZuApzIEcPGZ5cmLattPlMkHzs+glhg2NVGm4whZ\ntks8GqxKUuX2UE5WpVpVhD35BdpTP7FBrv34hHsB3gByi9XoizuSixHmYcU68mNs\ndFKoLmq2Sna5MxXDQtNeEZgBFknDYHuCK3oQ5pwJ8B05A3vlqAZEtMB55Nblhi/u\nxSkWyBImnYuPZqzNzzL5yigfzpxaHjd0UjZZbiGerNRVx+1ydmH6rAMUQIJvRs3d\nWkkMuNYk9mG08Z68Xpz2B1Eke1+gQzhD2QyRNDvTdTgaBFMKnNYcxcMiTE1pxHeu\nFMoQ937w/WKJP80zPWqXgCOSitFBWtOnMNs7RVZawtOTIMEb1EsVGZlwCR1SyCn3\nrDDkbtQZRU3mNRnbqLaYXd//acmxtvG+NkXbgVp+9k7NMvLoBTDVmkBSYawfQstn\ne09k0IvXbQ+XcTOuDq+SoqqqFOHi2GaVm8jEgccDDoFrEZvoPAPuu4iReKfZp+T6\n+s8EXinzdjfJKqCjFz6i8mh7jOJLoB3ymcLaSAZVwqDTEZBzW2LQEDcIIQUIcCtI\nzreqJuCmGbexgJT5m8xaTiD5zUbcs3laYUfnn0Z/rhyGJvtlcQKCAQEA4J3FGU+f\n440+sp/twNkzi8V3IpObLsOfXtCi3EJfwa4f0W0KeQ6NhJsyDUt/2LwpGagPH3Xs\nPFoCk65q7NKFMvPBU/gcZM6i9IZGtOrwp/JQPwjt90Fu6H+wUe7BmjdW90fGnX68\n8DJZSgZoE1s7YJFFjbTv2kko1e54lSnJtT4JNFFquXX9JF0Ua0YCspK6zx41J85N\nc6P7G+J9xy9xeulhH5jDV0mrgB66riQ7x48/YQKGdPtf0CSTZuuEZ1CjRmDz8U4u\nLDgd5a6n8G9do2dM6aIn/PAHwWwwFzYOMV4R9N5NSip+KHTpzi2tJIFPUBOgDdrx\n6CLt+wc34C8OkQKCAQEAyJgH8drjdRaLthmrmf7lDPsQVRVdb3jiStCtSsWa/TFb\n4o50C9cpDa/7lvSidrarKAm8XA2Mu8O4irhLRT+T3PTdcp+nlgfP7D5TGEwJYCrc\nbmDT8dRt69NCyFEHpvUVlI2bcg2cJ0sfmMHt1ui8FRiVkWXK9sQ5YWOuJsbAO/e5\noGq7X7rZC5o2z6beuGe9YqBVwPdrbwBcAydvjm77GYfDw8P6E8hOIohwLH4J3kls\nT/+I6w0X9crXPbTsMxzTB1M1E+UC7ZzT3CJSTkjESqzUcFttThNCGFWfXUJoIuC0\n8xjGCkifONq5KQUnwWK+uj8a13m4y3wzQnXXXihDmQKCAQAm/FtMdFyNE2Pxfv62\nPTzMIr712mbR7BRKUa4iysZyCHXvVJy/vD3l6UX7tsH+7VG46UmOrVoOc5UE6v4W\nEsgZuuMwXt0WxiLUjEXTev/ANrek6TjcdJf6dMc2wVkLGlXW37dieK/0hNiol4oS\n6f/ZV/2ZhfEnkxEqaJS3VyRyd80DLqp2fDsux5UWtXUcZ4lTD6wsN4uL6cdY5Kvu\nGZb5vW4lHM+y48+Hkk3WkeVqUruua9DIlyTfLKoE8BXwFLfyLDvLA0XSWP8fcXwm\nqD25ceGQn5uPNF40PUHvlWtLOEenl7oUiGGTRg+awKTPtD3+6RkbrofUQdPKgUs6\ndxBxAoIBAQCGlEFYSTOrfanUTZqsoa+IqvSFMOVUAXVJHoH1FWhrkG8GK+69dugr\nL7OKzqwlG17vaMC/vbN60dAA+a4+Um5gosPjwCuOY8ViyVm0hmcP5xGm2D26FHx+\n6Gj4vix1Hh8RYIQ229y1HBihwxJPyitNuAW42+N09adNqLPRfizAzu3yK0l064Xs\n29UEMf9hFvCft9Rwt06T1VjmINIebGT49vYnZFdmaE/LqWAg6ZqzUO1jKpzwngNC\nO4l28+g4TpFia7fDljUFt98H5Nr1fKp9M0D/9Mb7x73jV6aoygHVzI56Ple31ItG\neLAbTkMi4p31lJrsj9SkaLp3T1pj6H2ZAoIBAQCoEiTlK5k6g1vJZHkxhzFWfnjW\nJB1TbkDGgltPpunao6FFbNtbBKBRoykpq4jX6Ya1eWM5Xv3J+n/08LWf1C8l/gMN\nSgpn2ZmCbKzd+NTp2MFriQee4F1XAWAcWqpkDSNF/kYEVD/BUIXULnRfAktG2PQ2\nglcJLhj2+iNK1ixEhJthcmJ7NsbCXLsBics2+H+IYNXiNrZV+9PmvG46K10qs784\nebEa1CkDm+neUpkuSj8qGJJbqS8ZbG+R0WMkeoDPrwJTIqjh1F6wPhfdxn1SvjSS\npXRWFULsgVX4kj3cNxMRRUfRKS8jUfH4Eqxhk3hA/H5dM+31y/5/dIiXs0SC\n-----END RSA PRIVATE KEY-----\n",
            "private_key_pem_pkcs8": "-----BEGIN PRIVATE KEY-----\nMIIJQwIBADANBgkqhkiG9w0BAQEFAASCCS0wggkpAgEAAoICAQCwAKahUjRbMAAP\nkIJrto3qD83Y5uaknWVan/G5W2phJ9jIcz0fHP0NEBeP0bFvO5X+MbCI8ze9capf\nIFLonlgDAzcmOoNvA75c32Pu3wSBeUEZWsi9Ixcs0uoRDIJU36fZZ3+z1sa3EIAF\nrJMpEZRNlc/AQUDnjsIdR/X0AKKL7CA/JNCniGTqDTeqOiNZl1vx0b8RSgk8nAy2\nArgUMFPhBxggytDH41f6eWrgE3UNzS+fGETBXe2EzScIyLD5u7w7n7fEHVvJVrls\noGYeNJaZ98Za+RExbBsdMbO5JtOB5WIjDQxsF6/M3sUhoStk4tuztb7LoAQ31FDf\nl2FSIw4+jezj7K7dD5pzcHFqnDVQOSX/DD5ugnTXlHIuKNZ98wIvjJ/DH3ekFJPq\nB85SSpXSl+fFOYlq1YHwZPhMOA9EA6cR8ihCZcHLfaNmBFYbol0pjKlwNP23Usyp\nkPLa12MYbPMDZNnmGK3aa7rhJTbWW3TO31OV0em82coPo/OwEgn1T00FO5C/hH7L\nxP5U3cHK46UF6DIBwXJpxt9JlI6agK3slrmXftosDFRqCdum0JOIe5C89PDue7pD\n4y4WDKyNB3g+jxH+JAoYRjb8QqFORb0ScZG09CRkngP437e9S0ScgcSSXkib68YR\nJzcMIGd0Qfi+McHtC7AAhr+L0ZenqQIDAQABAoICABFGbRSQQaaSKG1eqyh4pYcL\n+FHR/yE4+DvsD1E423EQFM9+/Si2wxFDSzbA96wh8nvd43Sbv9S6yYTXAsBFm4Cn\nMgRw8ZnlyYtq20+UyQfOz6CWGDY1UabjCFm2SzwarEpS5fZQTlalWlWEPfkF2lM/\nsUGu/fiEewHeAHKL1eiLO5KLEeZhxTryY2x0UqguarZKdrkzFcNC014RmAEWScNg\ne4IrehDmnAnwHTkDe+WoBkS0wHnk1uWGL+7FKRbIEiadi49mrM3PMvnKKB/OnFoe\nN3RSNlluIZ6s1FXH7XJ2YfqsAxRAgm9Gzd1aSQy41iT2YbTxnrxenPYHUSR7X6BD\nOEPZDJE0O9N1OBoEUwqc1hzFwyJMTWnEd64UyhD3fvD9Yok/zTM9apeAI5KK0UFa\n06cw2ztFVlrC05MgwRvUSxUZmXAJHVLIKfesMORu1BlFTeY1Gduotphd3/9pybG2\n8b42RduBWn72Ts0y8ugFMNWaQFJhrB9Cy2d7T2TQi9dtD5dxM64Or5KiqqoU4eLY\nZpWbyMSBxwMOgWsRm+g8A+67iJF4p9mn5Pr6zwReKfN2N8kqoKMXPqLyaHuM4kug\nHfKZwtpIBlXCoNMRkHNbYtAQNwghBQhwK0jOt6om4KYZt7GAlPmbzFpOIPnNRtyz\neVphR+efRn+uHIYm+2VxAoIBAQDgncUZT5/jjT6yn+3A2TOLxXcik5suw59e0KLc\nQl/Brh/RbQp5Do2EmzINS3/YvCkZqA8fdew8WgKTrmrs0oUy88FT+BxkzqL0hka0\n6vCn8lA/CO33QW7of7BR7sGaN1b3R8adfrzwMllKBmgTWztgkUWNtO/aSSjV7niV\nKcm1Pgk0UWq5df0kXRRrRgKykrrPHjUnzk1zo/sb4n3HL3F66WEfmMNXSauAHrqu\nJDvHjz9hAoZ0+1/QJJNm64RnUKNGYPPxTi4sOB3lrqfwb12jZ0zpoif88AfBbDAX\nNg4xXhH03k1KKn4odOnOLa0kgU9QE6AN2vHoIu37BzfgLw6RAoIBAQDImAfx2uN1\nFou2GauZ/uUM+xBVFV1veOJK0K1KxZr9MVvijnQL1ykNr/uW9KJ2tqsoCbxcDYy7\nw7iKuEtFP5Pc9N1yn6eWB8/sPlMYTAlgKtxuYNPx1G3r00LIUQem9RWUjZtyDZwn\nSx+Ywe3W6LwVGJWRZcr2xDlhY64mxsA797mgartfutkLmjbPpt64Z71ioFXA92tv\nAFwDJ2+ObvsZh8PDw/oTyE4iiHAsfgneSWxP/4jrDRf1ytc9tOwzHNMHUzUT5QLt\nnNPcIlJOSMRKrNRwW21OE0IYVZ9dQmgi4LTzGMYKSJ842rkpBSfBYr66PxrXebjL\nfDNCdddeKEOZAoIBACb8W0x0XI0TY/F+/rY9PMwivvXaZtHsFEpRriLKxnIIde9U\nnL+8PeXpRfu2wf7tUbjpSY6tWg5zlQTq/hYSyBm64zBe3RbGItSMRdN6/8A2t6Tp\nONx0l/p0xzbBWQsaVdbft2J4r/SE2KiXihLp/9lX/ZmF8SeTESpolLdXJHJ3zQMu\nqnZ8Oy7HlRa1dRxniVMPrCw3i4vpx1jkq+4Zlvm9biUcz7Ljz4eSTdaR5WpSu65r\n0MiXJN8sqgTwFfAUt/IsO8sDRdJY/x9xfCaoPblx4ZCfm480XjQ9Qe+Va0s4R6eX\nuhSIYZNGD5rApM+0Pf7pGRuuh9RB08qBSzp3EHECggEBAIaUQVhJM6t9qdRNmqyh\nr4iq9IUw5VQBdUkegfUVaGuQbwYr7r126Csvs4rOrCUbXu9owL+9s3rR0AD5rj5S\nbmCiw+PAK45jxWLJWbSGZw/nEabYPboUfH7oaPi+LHUeHxFghDbb3LUcGKHDEk/K\nK024Bbjb43T1p02os9F+LMDO7fIrSXTrhezb1QQx/2EW8J+31HC3TpPVWOYg0h5s\nZPj29idkV2ZoT8upYCDpmrNQ7WMqnPCeA0I7iXbz6DhOkWJrt8OWNQW33wfk2vV8\nqn0zQP/0xvvHveNXpqjKAdXMjno+V7fUi0Z4sBtOQyLinfWUmuyP1KRoundPWmPo\nfZkCggEBAKgSJOUrmTqDW8lkeTGHMVZ+eNYkHVNuQMaCW0+m6dqjoUVs21sEoFGj\nKSmriNfphrV5Yzle/cn6f/TwtZ/ULyX+Aw1KCmfZmYJsrN341OnYwWuJB57gXVcB\nYBxaqmQNI0X+RgRUP8FQhdQudF8CS0bY9DaCVwkuGPb6I0rWLESEm2FyYns2xsJc\nuwGJyzb4f4hg1eI2tlX70+a8bjorXSqzvzh5sRrUKQOb6d5SmS5KPyoYklupLxls\nb5HRYyR6gM+vAlMiqOHUXrA+F93GfVK+NJKldFYVQuyBVfiSPdw3ExFFR9EpLyNR\n8fgSrGGTeED8fl0z7fXL/n90iJezRII=\n-----END PRIVATE KEY-----\n",
            "public_key_fingerprint_md5": "15:fd:05:6f:ba:a7:57:b4:e6:f6:71:4c:38:bb:fe:40",
            "public_key_fingerprint_sha256": "SHA256:IcP93toHWvdMj1jaW7rv3FTaMlAOsWBd47Dy7OFpTxk",
            "public_key_openssh": "ssh-rsa AAAAB3NzaC1yc2EAAAADAQABAAACAQCwAKahUjRbMAAPkIJrto3qD83Y5uaknWVan/G5W2phJ9jIcz0fHP0NEBeP0bFvO5X+MbCI8ze9capfIFLonlgDAzcmOoNvA75c32Pu3wSBeUEZWsi9Ixcs0uoRDIJU36fZZ3+z1sa3EIAFrJMpEZRNlc/AQUDnjsIdR/X0AKKL7CA/JNCniGTqDTeqOiNZl1vx0b8RSgk8nAy2ArgUMFPhBxggytDH41f6eWrgE3UNzS+fGETBXe2EzScIyLD5u7w7n7fEHVvJVrlsoGYeNJaZ98Za+RExbBsdMbO5JtOB5WIjDQxsF6/M3sUhoStk4tuztb7LoAQ31FDfl2FSIw4+jezj7K7dD5pzcHFqnDVQOSX/DD5ugnTXlHIuKNZ98wIvjJ/DH3ekFJPqB85SSpXSl+fFOYlq1YHwZPhMOA9EA6cR8ihCZcHLfaNmBFYbol0pjKlwNP23UsypkPLa12MYbPMDZNnmGK3aa7rhJTbWW3TO31OV0em82coPo/OwEgn1T00FO5C/hH7LxP5U3cHK46UF6DIBwXJpxt9JlI6agK3slrmXftosDFRqCdum0JOIe5C89PDue7pD4y4WDKyNB3g+jxH+JAoYRjb8QqFORb0ScZG09CRkngP437e9S0ScgcSSXkib68YRJzcMIGd0Qfi+McHtC7AAhr+L0ZenqQ==\n",
            "public_key_pem": "-----BEGIN PUBLIC KEY-----\nMIICIjANBgkqhkiG9w0BAQEFAAOCAg8AMIICCgKCAgEAsACmoVI0WzAAD5CCa7aN\n6g/N2ObmpJ1lWp/xuVtqYSfYyHM9Hxz9DRAXj9GxbzuV/jGwiPM3vXGqXyBS6J5Y\nAwM3JjqDbwO+XN9j7t8EgXlBGVrIvSMXLNLqEQyCVN+n2Wd/s9bGtxCABayTKRGU\nTZXPwEFA547CHUf19ACii+wgPyTQp4hk6g03qjojWZdb8dG/EUoJPJwMtgK4FDBT\n4QcYIMrQx+NX+nlq4BN1Dc0vnxhEwV3thM0nCMiw+bu8O5+3xB1byVa5bKBmHjSW\nmffGWvkRMWwbHTGzuSbTgeViIw0MbBevzN7FIaErZOLbs7W+y6AEN9RQ35dhUiMO\nPo3s4+yu3Q+ac3Bxapw1UDkl/ww+boJ015RyLijWffMCL4yfwx93pBST6gfOUkqV\n0pfnxTmJatWB8GT4TDgPRAOnEfIoQmXBy32jZgRWG6JdKYypcDT9t1LMqZDy2tdj\nGGzzA2TZ5hit2mu64SU21lt0zt9TldHpvNnKD6PzsBIJ9U9NBTuQv4R+y8T+VN3B\nyuOlBegyAcFyacbfSZSOmoCt7Ja5l37aLAxUagnbptCTiHuQvPTw7nu6Q+MuFgys\njQd4Po8R/iQKGEY2/EKhTkW9EnGRtPQkZJ4D+N+3vUtEnIHEkl5Im+vGESc3DCBn\ndEH4vjHB7QuwAIa/i9GXp6kCAwEAAQ==\n-----END PUBLIC KEY-----\n",
            "rsa_bits": 4096
          },
          "sensitive_attributes": [
            [
              {
                "type": "get_attr",
                "value": "private_key_openssh"
              }
            ],
            [
              {
                "type": "get_attr",
                "value": "private_key_pem"
              }
            ],
            [
              {
                "type": "get_attr",
                "value": "private_key_pem_pkcs8"
              }
            ]
          ],
          "identity_schema_version": 0
        }
      ]
    }
  ],
  "check_results": [
    {
      "object_kind": "var",
      "config_addr": "var.environment",
      "status": "pass",
      "objects": [
        {
          "object_addr": "var.environment",
          "status": "pass"
        }
      ]
    },
    {
      "object_kind": "var",
      "config_addr": "var.instance_type",
      "status": "pass",
      "objects": [
        {
          "object_addr": "var.instance_type",
          "status": "pass"
        }
      ]
    }
  ]
}
